PODS:
  - AFNetworking (3.2.1):
    - AFNetworking/NSURLSession (= 3.2.1)
    - AFNetworking/Reachability (= 3.2.1)
    - AFNetworking/Security (= 3.2.1)
    - AFNetworking/Serialization (= 3.2.1)
    - AFNetworking/UIKit (= 3.2.1)
  - AFNetworking/NSURLSession (3.2.1):
    - AFNetworking/Reachability
    - AFNetworking/Security
    - AFNetworking/Serialization
  - AFNetworking/Reachability (3.2.1)
  - AFNetworking/Security (3.2.1)
  - AFNetworking/Serialization (3.2.1)
  - AFNetworking/UIKit (3.2.1):
    - AFNetworking/NSURLSession
  - CocoaAsyncSocket (7.6.3)
  - FDFullscreenPopGesture (1.1)
  - JCore (1.2.0)
  - JShare (1.5.0):
    - JCore (~> 1.2)
  - Masonry (1.1.0)
  - MBProgressHUD (1.0.0)
  - MJExtension (3.0.13)
  - MJRefresh (3.1.12)
  - SDCycleScrollView (1.75):
    - SDWebImage (>= 4.0.0)
  - SDWebImage (4.4.0):
    - SDWebImage/Core (= 4.4.0)
  - SDWebImage/Core (4.4.0)
  - SGQRCode (2.2.0)
  - WebViewJavascriptBridge (6.0.3)

DEPENDENCIES:
  - AFNetworking (~> 3.2.1)
  - CocoaAsyncSocket (~> 7.6.3)
  - FDFullscreenPopGesture (= 1.1)
  - JShare (~> 1.5.0)
  - Masonry (~> 1.1.0)
  - MBProgressHUD (~> 1.0.0)
  - MJExtension (= 3.0.13)
  - MJRefresh (= 3.1.12)
  - SDCycleScrollView (~> 1.75)
  - SDWebImage (~> 4.4.0)
  - SGQRCode (~> 2.2.0)
  - WebViewJavascriptBridge (= 6.0.3)

SPEC REPOS:
  https://github.com/cocoapods/specs.git:
    - AFNetworking
    - CocoaAsyncSocket
    - FDFullscreenPopGesture
    - JCore
    - JShare
    - Masonry
    - MBProgressHUD
    - MJExtension
    - MJRefresh
    - SDCycleScrollView
    - SDWebImage
    - SGQRCode
    - WebViewJavascriptBridge

SPEC CHECKSUMS:
  AFNetworking: b6f891fdfaed196b46c7a83cf209e09697b94057
  CocoaAsyncSocket: eafaa68a7e0ec99ead0a7b35015e0bf25d2c8987
  FDFullscreenPopGesture: a8a620179e3d9c40e8e00256dcee1c1a27c6d0f0
  JCore: b52e3dd73625eec70afd1244bb9c41038aa06087
  JShare: 81eb931687063fc4a20e097d82ba33039ccf635c
  Masonry: 678fab65091a9290e40e2832a55e7ab731aad201
  MBProgressHUD: 4890f671c94e8a0f3cf959aa731e9de2f036d71a
  MJExtension: 5932755f451458eefa24239358817f8d291240c7
  MJRefresh: b96cdb21c4aa75a7b07654311ab2f315c497e806
  SDCycleScrollView: 884b88f0266dd4708a0e1934975c69cb971707b1
  SDWebImage: b534502786e43dde36dfcaee89356fe6df30e203
  SGQRCode: 6cd7f03ea6b74d1267820d427b07d1451b387c79
  WebViewJavascriptBridge: 7f5bc4d3581e672e8f32bd0f812d54bc69bb8e29

PODFILE CHECKSUM: c00f70b5448a3e1e920ee0dd665894372e974677

COCOAPODS: 1.5.3
