// !$*UTF8*$!
{
	archiveVersion = 1;
	classes = {
	};
	objectVersion = 50;
	objects = {

/* Begin PBXBuildFile section */
		002CF42B8F8ECDB403EEFB1D /* libPods-jw-wallet.a in Frameworks */ = {isa = PBXBuildFile; fileRef = CA5C7852F4DA627422A36587 /* libPods-jw-wallet.a */; };
		2E48153220B91FB800AFCBBB /* AppDelegate.m in Sources */ = {isa = PBXBuildFile; fileRef = 2E48153120B91FB800AFCBBB /* AppDelegate.m */; };
		2E48153520B91FB800AFCBBB /* ViewController.m in Sources */ = {isa = PBXBuildFile; fileRef = 2E48153420B91FB800AFCBBB /* ViewController.m */; };
		2E48153820B91FB800AFCBBB /* Main.storyboard in Resources */ = {isa = PBXBuildFile; fileRef = 2E48153620B91FB800AFCBBB /* Main.storyboard */; };
		2E48153A20B91FB900AFCBBB /* Assets.xcassets in Resources */ = {isa = PBXBuildFile; fileRef = 2E48153920B91FB900AFCBBB /* Assets.xcassets */; };
		2E48153D20B91FB900AFCBBB /* LaunchScreen.storyboard in Resources */ = {isa = PBXBuildFile; fileRef = 2E48153B20B91FB900AFCBBB /* LaunchScreen.storyboard */; };
		2E48154020B91FB900AFCBBB /* main.m in Sources */ = {isa = PBXBuildFile; fileRef = 2E48153F20B91FB900AFCBBB /* main.m */; };
		2E48154A20B91FB900AFCBBB /* jw_walletTests.m in Sources */ = {isa = PBXBuildFile; fileRef = 2E48154920B91FB900AFCBBB /* jw_walletTests.m */; };
		2E48155520B91FB900AFCBBB /* jw_walletUITests.m in Sources */ = {isa = PBXBuildFile; fileRef = 2E48155420B91FB900AFCBBB /* jw_walletUITests.m */; };
		2E4815A620B9734900AFCBBB /* UIViewController+swizzling.m in Sources */ = {isa = PBXBuildFile; fileRef = 2E48158A20B9734900AFCBBB /* UIViewController+swizzling.m */; };
		2E4815A820B9734900AFCBBB /* AppDelegate+ViewController.m in Sources */ = {isa = PBXBuildFile; fileRef = 2E48159020B9734900AFCBBB /* AppDelegate+ViewController.m */; };
		2E4815A920B9734900AFCBBB /* AppDelegate+AppService.m in Sources */ = {isa = PBXBuildFile; fileRef = 2E48159220B9734900AFCBBB /* AppDelegate+AppService.m */; };
		2E4815AA20B9734900AFCBBB /* NSArray+swiArray.m in Sources */ = {isa = PBXBuildFile; fileRef = 2E48159320B9734900AFCBBB /* NSArray+swiArray.m */; };
		2E4815AB20B9734900AFCBBB /* CommonMethods.m in Sources */ = {isa = PBXBuildFile; fileRef = 2E48159420B9734900AFCBBB /* CommonMethods.m */; };
		2E4815AD20B9734900AFCBBB /* LWTSegementViewController.m in Sources */ = {isa = PBXBuildFile; fileRef = 2E48159C20B9734900AFCBBB /* LWTSegementViewController.m */; };
		2E4815AE20B9734900AFCBBB /* LWTNavigationViewController.m in Sources */ = {isa = PBXBuildFile; fileRef = 2E48159D20B9734900AFCBBB /* LWTNavigationViewController.m */; };
		2E4815AF20B9734900AFCBBB /* RootTabViewController.m in Sources */ = {isa = PBXBuildFile; fileRef = 2E48159E20B9734900AFCBBB /* RootTabViewController.m */; };
		2E4815FB20B97D6400AFCBBB /* PathManager.m in Sources */ = {isa = PBXBuildFile; fileRef = 2E4815F820B97D6400AFCBBB /* PathManager.m */; };
		2E4815FC20B97D6400AFCBBB /* UserDefaultUtil.m in Sources */ = {isa = PBXBuildFile; fileRef = 2E4815F920B97D6400AFCBBB /* UserDefaultUtil.m */; };
		2E4815FF20B97EAB00AFCBBB /* UINavigationBar+style.m in Sources */ = {isa = PBXBuildFile; fileRef = 2E4815FD20B97EAB00AFCBBB /* UINavigationBar+style.m */; };
		2E48160520B9818900AFCBBB /* SSAsertViewController.m in Sources */ = {isa = PBXBuildFile; fileRef = 2E48160420B9818900AFCBBB /* SSAsertViewController.m */; };
		2E48163520B983AC00AFCBBB /* me@2x.png in Resources */ = {isa = PBXBuildFile; fileRef = 2E48162820B983AC00AFCBBB /* me@2x.png */; };
		2E48163620B983AC00AFCBBB /* home_blue@2x.png in Resources */ = {isa = PBXBuildFile; fileRef = 2E48162920B983AC00AFCBBB /* home_blue@2x.png */; };
		2E48163720B983AC00AFCBBB /* home_blue@3x.png in Resources */ = {isa = PBXBuildFile; fileRef = 2E48162A20B983AC00AFCBBB /* home_blue@3x.png */; };
		2E48163820B983AC00AFCBBB /* u=2796464312,3280625818&fm=11&gp=0.jpg in Resources */ = {isa = PBXBuildFile; fileRef = 2E48162B20B983AC00AFCBBB /* u=2796464312,3280625818&fm=11&gp=0.jpg */; };
		2E48163920B983AC00AFCBBB /* me@3x.png in Resources */ = {isa = PBXBuildFile; fileRef = 2E48162C20B983AC00AFCBBB /* me@3x.png */; };
		2E48163A20B983AC00AFCBBB /* circle_blue@2x.png in Resources */ = {isa = PBXBuildFile; fileRef = 2E48162D20B983AC00AFCBBB /* circle_blue@2x.png */; };
		2E48163B20B983AC00AFCBBB /* me_blue@2x.png in Resources */ = {isa = PBXBuildFile; fileRef = 2E48162E20B983AC00AFCBBB /* me_blue@2x.png */; };
		2E48163C20B983AC00AFCBBB /* me_blue@3x.png in Resources */ = {isa = PBXBuildFile; fileRef = 2E48162F20B983AC00AFCBBB /* me_blue@3x.png */; };
		2E48163D20B983AC00AFCBBB /* circle_blue@3x.png in Resources */ = {isa = PBXBuildFile; fileRef = 2E48163020B983AC00AFCBBB /* circle_blue@3x.png */; };
		2E48163E20B983AC00AFCBBB /* home_gray@2x.png in Resources */ = {isa = PBXBuildFile; fileRef = 2E48163120B983AC00AFCBBB /* home_gray@2x.png */; };
		2E48163F20B983AC00AFCBBB /* home_gray@3x.png in Resources */ = {isa = PBXBuildFile; fileRef = 2E48163220B983AC00AFCBBB /* home_gray@3x.png */; };
		2E48164020B983AC00AFCBBB /* circle_gray@2x.png in Resources */ = {isa = PBXBuildFile; fileRef = 2E48163320B983AC00AFCBBB /* circle_gray@2x.png */; };
		2E48164120B983AC00AFCBBB /* circle_gray@3x.png in Resources */ = {isa = PBXBuildFile; fileRef = 2E48163420B983AC00AFCBBB /* circle_gray@3x.png */; };
		2E48165320B9A95500AFCBBB /* UIBarButtonItem+Category.m in Sources */ = {isa = PBXBuildFile; fileRef = 2E48164F20B9A95500AFCBBB /* UIBarButtonItem+Category.m */; };
		2E48165420B9A95500AFCBBB /* UIView+Category.m in Sources */ = {isa = PBXBuildFile; fileRef = 2E48165020B9A95500AFCBBB /* UIView+Category.m */; };
		2E48166920BA843B00AFCBBB /* SSAccountViewController.m in Sources */ = {isa = PBXBuildFile; fileRef = 2E48166520BA843B00AFCBBB /* SSAccountViewController.m */; };
		2E48166D20BA868300AFCBBB /* SSAccoutCell.m in Sources */ = {isa = PBXBuildFile; fileRef = 2E48166B20BA868300AFCBBB /* SSAccoutCell.m */; };
		2E48166E20BA868300AFCBBB /* SSAccoutCell.xib in Resources */ = {isa = PBXBuildFile; fileRef = 2E48166C20BA868300AFCBBB /* SSAccoutCell.xib */; };
		2E48167120BA888500AFCBBB /* SSAccoutHeaderView.m in Sources */ = {isa = PBXBuildFile; fileRef = 2E48167020BA888500AFCBBB /* SSAccoutHeaderView.m */; };
		2E48167320BA889000AFCBBB /* SSAccoutHeaderView.xib in Resources */ = {isa = PBXBuildFile; fileRef = 2E48167220BA889000AFCBBB /* SSAccoutHeaderView.xib */; };
		2E48168020BAD7CF00AFCBBB /* SSMarktViewController.m in Sources */ = {isa = PBXBuildFile; fileRef = 2E48167F20BAD7CF00AFCBBB /* SSMarktViewController.m */; };
		2E48168320BAD82400AFCBBB /* SSSectionHeaderView.m in Sources */ = {isa = PBXBuildFile; fileRef = 2E48168220BAD82400AFCBBB /* SSSectionHeaderView.m */; };
		2E48168720BAD88D00AFCBBB /* SSMarketCell.m in Sources */ = {isa = PBXBuildFile; fileRef = 2E48168520BAD88D00AFCBBB /* SSMarketCell.m */; };
		2E48168820BAD88D00AFCBBB /* SSMarketCell.xib in Resources */ = {isa = PBXBuildFile; fileRef = 2E48168620BAD88D00AFCBBB /* SSMarketCell.xib */; };
		2E48168A20BAD89900AFCBBB /* SSSectionHeaderView.xib in Resources */ = {isa = PBXBuildFile; fileRef = 2E48168920BAD89900AFCBBB /* SSSectionHeaderView.xib */; };
		2E48168D20BAD8B900AFCBBB /* SSMarketModel.m in Sources */ = {isa = PBXBuildFile; fileRef = 2E48168C20BAD8B900AFCBBB /* SSMarketModel.m */; };
		2E48169020BAD8CE00AFCBBB /* SSAccountModel.m in Sources */ = {isa = PBXBuildFile; fileRef = 2E48168F20BAD8CE00AFCBBB /* SSAccountModel.m */; };
		2E6C890120BC2E9900C0B37E /* SSAsertDetailVC.m in Sources */ = {isa = PBXBuildFile; fileRef = 2E6C88FF20BC2E9900C0B37E /* SSAsertDetailVC.m */; };
		2E6C890220BC2E9900C0B37E /* SSAsertDetailVC.xib in Resources */ = {isa = PBXBuildFile; fileRef = 2E6C890020BC2E9900C0B37E /* SSAsertDetailVC.xib */; };
		2E6C891520BC522900C0B37E /* SSAsertHearView.m in Sources */ = {isa = PBXBuildFile; fileRef = 2E6C890B20BC522900C0B37E /* SSAsertHearView.m */; };
		2E6C891620BC522900C0B37E /* SSAsertCell.m in Sources */ = {isa = PBXBuildFile; fileRef = 2E6C890C20BC522900C0B37E /* SSAsertCell.m */; };
		2E6C891720BC522900C0B37E /* SSTradingRecordsCell.m in Sources */ = {isa = PBXBuildFile; fileRef = 2E6C890D20BC522900C0B37E /* SSTradingRecordsCell.m */; };
		2E6C891820BC522900C0B37E /* SSTradingRecordsCell.xib in Resources */ = {isa = PBXBuildFile; fileRef = 2E6C890E20BC522900C0B37E /* SSTradingRecordsCell.xib */; };
		2E6C891920BC522900C0B37E /* SSAsertCell.xib in Resources */ = {isa = PBXBuildFile; fileRef = 2E6C890F20BC522900C0B37E /* SSAsertCell.xib */; };
		2E6C891A20BC522900C0B37E /* SSAsertHearView.xib in Resources */ = {isa = PBXBuildFile; fileRef = 2E6C891020BC522900C0B37E /* SSAsertHearView.xib */; };
		2E6C891B20BC522900C0B37E /* SSAserModel.m in Sources */ = {isa = PBXBuildFile; fileRef = 2E6C891320BC522900C0B37E /* SSAserModel.m */; };
		2E6C891E20BC526400C0B37E /* SSTradeRecordModel.m in Sources */ = {isa = PBXBuildFile; fileRef = 2E6C891D20BC526400C0B37E /* SSTradeRecordModel.m */; };
		2E6C892A20BC539E00C0B37E /* SSTranferViewController.m in Sources */ = {isa = PBXBuildFile; fileRef = 2E6C892820BC539E00C0B37E /* SSTranferViewController.m */; };
		2E6C892B20BC539E00C0B37E /* SSTranferViewController.xib in Resources */ = {isa = PBXBuildFile; fileRef = 2E6C892920BC539E00C0B37E /* SSTranferViewController.xib */; };
		2E6C893420BC5ECC00C0B37E /* SSGetMoneyViewController.m in Sources */ = {isa = PBXBuildFile; fileRef = 2E6C893220BC5ECC00C0B37E /* SSGetMoneyViewController.m */; };
		2E6C893520BC5ECC00C0B37E /* SSGetMoneyViewController.xib in Resources */ = {isa = PBXBuildFile; fileRef = 2E6C893320BC5ECC00C0B37E /* SSGetMoneyViewController.xib */; };
		2E6C895C20BD9A3C00C0B37E /* SSManagerPurseViewController.m in Sources */ = {isa = PBXBuildFile; fileRef = 2E6C895A20BD9A3C00C0B37E /* SSManagerPurseViewController.m */; };
		2E6C896120BD9A8A00C0B37E /* SSCreatePurseViewController.m in Sources */ = {isa = PBXBuildFile; fileRef = 2E6C895F20BD9A8A00C0B37E /* SSCreatePurseViewController.m */; };
		2E6C896220BD9A8A00C0B37E /* SSCreatePurseViewController.xib in Resources */ = {isa = PBXBuildFile; fileRef = 2E6C896020BD9A8A00C0B37E /* SSCreatePurseViewController.xib */; };
		2E6C896620BD9AD600C0B37E /* SSAddPurseViewController.m in Sources */ = {isa = PBXBuildFile; fileRef = 2E6C896420BD9AD600C0B37E /* SSAddPurseViewController.m */; };
		2E6C896720BD9AD600C0B37E /* SSAddPurseViewController.xib in Resources */ = {isa = PBXBuildFile; fileRef = 2E6C896520BD9AD600C0B37E /* SSAddPurseViewController.xib */; };
		2E6C896A20BDB39400C0B37E /* UIImage+Image.m in Sources */ = {isa = PBXBuildFile; fileRef = 2E6C896820BDB39300C0B37E /* UIImage+Image.m */; };
		2E6C896F20BDB7C300C0B37E /* SSPurseListCell.m in Sources */ = {isa = PBXBuildFile; fileRef = 2E6C896D20BDB7C300C0B37E /* SSPurseListCell.m */; };
		2E6C897020BDB7C300C0B37E /* SSPurseListCell.xib in Resources */ = {isa = PBXBuildFile; fileRef = 2E6C896E20BDB7C300C0B37E /* SSPurseListCell.xib */; };
		2E6C897320BDB7DE00C0B37E /* SSPurseListModel.m in Sources */ = {isa = PBXBuildFile; fileRef = 2E6C897220BDB7DE00C0B37E /* SSPurseListModel.m */; };
		2E6C897620BDC43C00C0B37E /* UIColor+WLZ_HexRGB.m in Sources */ = {isa = PBXBuildFile; fileRef = 2E6C897520BDC43C00C0B37E /* UIColor+WLZ_HexRGB.m */; };
		2E6C897920BE32C300C0B37E /* SJNavigationBar.m in Sources */ = {isa = PBXBuildFile; fileRef = 2E6C897820BE32C200C0B37E /* SJNavigationBar.m */; };
		2E6C89D120BEFEF900C0B37E /* InfoPlist.strings in Resources */ = {isa = PBXBuildFile; fileRef = 2E6C89D320BEFEF900C0B37E /* InfoPlist.strings */; };
		2E6C89D820BF01D500C0B37E /* Localizable.strings in Resources */ = {isa = PBXBuildFile; fileRef = 2E6C89DA20BF01D500C0B37E /* Localizable.strings */; };
		2E6C89E120C0301D00C0B37E /* SSManagerPurseViewController.xib in Resources */ = {isa = PBXBuildFile; fileRef = 2E6C89E320C0301D00C0B37E /* SSManagerPurseViewController.xib */; };
		2E6C89F720C03F1000C0B37E /* SSLanguageSetVC.m in Sources */ = {isa = PBXBuildFile; fileRef = 2E6C89F520C03F1000C0B37E /* SSLanguageSetVC.m */; };
		2E6C89F820C03F1000C0B37E /* SSLanguageSetVC.xib in Resources */ = {isa = PBXBuildFile; fileRef = 2E6C89F620C03F1000C0B37E /* SSLanguageSetVC.xib */; };
		2E6C89FC20C041A200C0B37E /* SSLanguageCell.m in Sources */ = {isa = PBXBuildFile; fileRef = 2E6C89FA20C041A200C0B37E /* SSLanguageCell.m */; };
		2E6C89FD20C041A200C0B37E /* SSLanguageCell.xib in Resources */ = {isa = PBXBuildFile; fileRef = 2E6C89FB20C041A200C0B37E /* SSLanguageCell.xib */; };
		2E6C8A0020C0534400C0B37E /* HXLanguageManager.m in Sources */ = {isa = PBXBuildFile; fileRef = 2E6C89FF20C0534400C0B37E /* HXLanguageManager.m */; };
		2E6C8A0320C05B5000C0B37E /* SJLaunchPageView.m in Sources */ = {isa = PBXBuildFile; fileRef = 2E6C8A0120C05B5000C0B37E /* SJLaunchPageView.m */; };
		2E6C8A0620C05C7200C0B37E /* UIView+TNAppLib.m in Sources */ = {isa = PBXBuildFile; fileRef = 2E6C8A0420C05C7200C0B37E /* UIView+TNAppLib.m */; };
		2E6C8A1020C0EEB600C0B37E /* QRCodeGenerateVC.m in Sources */ = {isa = PBXBuildFile; fileRef = 2E6C8A0A20C0EEB600C0B37E /* QRCodeGenerateVC.m */; };
		2E6C8A1120C0EEB600C0B37E /* WBQRCodeScanningVC.m in Sources */ = {isa = PBXBuildFile; fileRef = 2E6C8A0C20C0EEB600C0B37E /* WBQRCodeScanningVC.m */; };
		2E6C8A1220C0EEB600C0B37E /* WCQRCodeScanningVC.m in Sources */ = {isa = PBXBuildFile; fileRef = 2E6C8A0E20C0EEB600C0B37E /* WCQRCodeScanningVC.m */; };
		2E6C8A1320C0EEB600C0B37E /* ScanSuccessJumpVC.m in Sources */ = {isa = PBXBuildFile; fileRef = 2E6C8A0F20C0EEB600C0B37E /* ScanSuccessJumpVC.m */; };
		2E6C8A1720C0EECE00C0B37E /* SGWebView.m in Sources */ = {isa = PBXBuildFile; fileRef = 2E6C8A1520C0EECE00C0B37E /* SGWebView.m */; };
		2E6C8A4520C122E400C0B37E /* MBProgressHUD+HYExtension.m in Sources */ = {isa = PBXBuildFile; fileRef = 2E6C8A4320C122E300C0B37E /* MBProgressHUD+HYExtension.m */; };
/* End PBXBuildFile section */

/* Begin PBXContainerItemProxy section */
		2E48154620B91FB900AFCBBB /* PBXContainerItemProxy */ = {
			isa = PBXContainerItemProxy;
			containerPortal = 2E48152520B91FB800AFCBBB /* Project object */;
			proxyType = 1;
			remoteGlobalIDString = 2E48152C20B91FB800AFCBBB;
			remoteInfo = "jw-wallet";
		};
		2E48155120B91FB900AFCBBB /* PBXContainerItemProxy */ = {
			isa = PBXContainerItemProxy;
			containerPortal = 2E48152520B91FB800AFCBBB /* Project object */;
			proxyType = 1;
			remoteGlobalIDString = 2E48152C20B91FB800AFCBBB;
			remoteInfo = "jw-wallet";
		};
/* End PBXContainerItemProxy section */

/* Begin PBXFileReference section */
		2E48152D20B91FB800AFCBBB /* jw-wallet.app */ = {isa = PBXFileReference; explicitFileType = wrapper.application; includeInIndex = 0; path = "jw-wallet.app"; sourceTree = BUILT_PRODUCTS_DIR; };
		2E48153020B91FB800AFCBBB /* AppDelegate.h */ = {isa = PBXFileReference; lastKnownFileType = sourcecode.c.h; path = AppDelegate.h; sourceTree = "<group>"; };
		2E48153120B91FB800AFCBBB /* AppDelegate.m */ = {isa = PBXFileReference; lastKnownFileType = sourcecode.c.objc; path = AppDelegate.m; sourceTree = "<group>"; };
		2E48153320B91FB800AFCBBB /* ViewController.h */ = {isa = PBXFileReference; lastKnownFileType = sourcecode.c.h; path = ViewController.h; sourceTree = "<group>"; };
		2E48153420B91FB800AFCBBB /* ViewController.m */ = {isa = PBXFileReference; lastKnownFileType = sourcecode.c.objc; path = ViewController.m; sourceTree = "<group>"; };
		2E48153720B91FB800AFCBBB /* Base */ = {isa = PBXFileReference; lastKnownFileType = file.storyboard; name = Base; path = Base.lproj/Main.storyboard; sourceTree = "<group>"; };
		2E48153920B91FB900AFCBBB /* Assets.xcassets */ = {isa = PBXFileReference; lastKnownFileType = folder.assetcatalog; path = Assets.xcassets; sourceTree = "<group>"; };
		2E48153C20B91FB900AFCBBB /* Base */ = {isa = PBXFileReference; lastKnownFileType = file.storyboard; name = Base; path = Base.lproj/LaunchScreen.storyboard; sourceTree = "<group>"; };
		2E48153E20B91FB900AFCBBB /* Info.plist */ = {isa = PBXFileReference; lastKnownFileType = text.plist.xml; path = Info.plist; sourceTree = "<group>"; };
		2E48153F20B91FB900AFCBBB /* main.m */ = {isa = PBXFileReference; lastKnownFileType = sourcecode.c.objc; path = main.m; sourceTree = "<group>"; };
		2E48154520B91FB900AFCBBB /* jw-walletTests.xctest */ = {isa = PBXFileReference; explicitFileType = wrapper.cfbundle; includeInIndex = 0; path = "jw-walletTests.xctest"; sourceTree = BUILT_PRODUCTS_DIR; };
		2E48154920B91FB900AFCBBB /* jw_walletTests.m */ = {isa = PBXFileReference; lastKnownFileType = sourcecode.c.objc; path = jw_walletTests.m; sourceTree = "<group>"; };
		2E48154B20B91FB900AFCBBB /* Info.plist */ = {isa = PBXFileReference; lastKnownFileType = text.plist.xml; path = Info.plist; sourceTree = "<group>"; };
		2E48155020B91FB900AFCBBB /* jw-walletUITests.xctest */ = {isa = PBXFileReference; explicitFileType = wrapper.cfbundle; includeInIndex = 0; path = "jw-walletUITests.xctest"; sourceTree = BUILT_PRODUCTS_DIR; };
		2E48155420B91FB900AFCBBB /* jw_walletUITests.m */ = {isa = PBXFileReference; lastKnownFileType = sourcecode.c.objc; path = jw_walletUITests.m; sourceTree = "<group>"; };
		2E48155620B91FB900AFCBBB /* Info.plist */ = {isa = PBXFileReference; lastKnownFileType = text.plist.xml; path = Info.plist; sourceTree = "<group>"; };
		2E48158A20B9734900AFCBBB /* UIViewController+swizzling.m */ = {isa = PBXFileReference; fileEncoding = 4; lastKnownFileType = sourcecode.c.objc; path = "UIViewController+swizzling.m"; sourceTree = "<group>"; };
		2E48158B20B9734900AFCBBB /* AppDelegate+ViewController.h */ = {isa = PBXFileReference; fileEncoding = 4; lastKnownFileType = sourcecode.c.h; path = "AppDelegate+ViewController.h"; sourceTree = "<group>"; };
		2E48158D20B9734900AFCBBB /* AppDelegate+AppService.h */ = {isa = PBXFileReference; fileEncoding = 4; lastKnownFileType = sourcecode.c.h; path = "AppDelegate+AppService.h"; sourceTree = "<group>"; };
		2E48158E20B9734900AFCBBB /* NSArray+swiArray.h */ = {isa = PBXFileReference; fileEncoding = 4; lastKnownFileType = sourcecode.c.h; path = "NSArray+swiArray.h"; sourceTree = "<group>"; };
		2E48159020B9734900AFCBBB /* AppDelegate+ViewController.m */ = {isa = PBXFileReference; fileEncoding = 4; lastKnownFileType = sourcecode.c.objc; path = "AppDelegate+ViewController.m"; sourceTree = "<group>"; };
		2E48159120B9734900AFCBBB /* UIViewController+swizzling.h */ = {isa = PBXFileReference; fileEncoding = 4; lastKnownFileType = sourcecode.c.h; path = "UIViewController+swizzling.h"; sourceTree = "<group>"; };
		2E48159220B9734900AFCBBB /* AppDelegate+AppService.m */ = {isa = PBXFileReference; fileEncoding = 4; lastKnownFileType = sourcecode.c.objc; path = "AppDelegate+AppService.m"; sourceTree = "<group>"; };
		2E48159320B9734900AFCBBB /* NSArray+swiArray.m */ = {isa = PBXFileReference; fileEncoding = 4; lastKnownFileType = sourcecode.c.objc; path = "NSArray+swiArray.m"; sourceTree = "<group>"; };
		2E48159420B9734900AFCBBB /* CommonMethods.m */ = {isa = PBXFileReference; fileEncoding = 4; lastKnownFileType = sourcecode.c.objc; path = CommonMethods.m; sourceTree = "<group>"; };
		2E48159A20B9734900AFCBBB /* RootTabViewController.h */ = {isa = PBXFileReference; fileEncoding = 4; lastKnownFileType = sourcecode.c.h; path = RootTabViewController.h; sourceTree = "<group>"; };
		2E48159B20B9734900AFCBBB /* LWTNavigationViewController.h */ = {isa = PBXFileReference; fileEncoding = 4; lastKnownFileType = sourcecode.c.h; path = LWTNavigationViewController.h; sourceTree = "<group>"; };
		2E48159C20B9734900AFCBBB /* LWTSegementViewController.m */ = {isa = PBXFileReference; fileEncoding = 4; lastKnownFileType = sourcecode.c.objc; path = LWTSegementViewController.m; sourceTree = "<group>"; };
		2E48159D20B9734900AFCBBB /* LWTNavigationViewController.m */ = {isa = PBXFileReference; fileEncoding = 4; lastKnownFileType = sourcecode.c.objc; path = LWTNavigationViewController.m; sourceTree = "<group>"; };
		2E48159E20B9734900AFCBBB /* RootTabViewController.m */ = {isa = PBXFileReference; fileEncoding = 4; lastKnownFileType = sourcecode.c.objc; path = RootTabViewController.m; sourceTree = "<group>"; };
		2E48159F20B9734900AFCBBB /* LWTSegementViewController.h */ = {isa = PBXFileReference; fileEncoding = 4; lastKnownFileType = sourcecode.c.h; path = LWTSegementViewController.h; sourceTree = "<group>"; };
		2E4815A020B9734900AFCBBB /* CommonMethods.h */ = {isa = PBXFileReference; fileEncoding = 4; lastKnownFileType = sourcecode.c.h; path = CommonMethods.h; sourceTree = "<group>"; };
		2E4815B220B9765200AFCBBB /* SHSF.pch */ = {isa = PBXFileReference; lastKnownFileType = sourcecode.c.h; path = SHSF.pch; sourceTree = "<group>"; };
		2E4815F720B97D6300AFCBBB /* PathManager.h */ = {isa = PBXFileReference; fileEncoding = 4; lastKnownFileType = sourcecode.c.h; path = PathManager.h; sourceTree = "<group>"; };
		2E4815F820B97D6400AFCBBB /* PathManager.m */ = {isa = PBXFileReference; fileEncoding = 4; lastKnownFileType = sourcecode.c.objc; path = PathManager.m; sourceTree = "<group>"; };
		2E4815F920B97D6400AFCBBB /* UserDefaultUtil.m */ = {isa = PBXFileReference; fileEncoding = 4; lastKnownFileType = sourcecode.c.objc; path = UserDefaultUtil.m; sourceTree = "<group>"; };
		2E4815FA20B97D6400AFCBBB /* UserDefaultUtil.h */ = {isa = PBXFileReference; fileEncoding = 4; lastKnownFileType = sourcecode.c.h; path = UserDefaultUtil.h; sourceTree = "<group>"; };
		2E4815FD20B97EAB00AFCBBB /* UINavigationBar+style.m */ = {isa = PBXFileReference; fileEncoding = 4; lastKnownFileType = sourcecode.c.objc; path = "UINavigationBar+style.m"; sourceTree = "<group>"; };
		2E4815FE20B97EAB00AFCBBB /* UINavigationBar+style.h */ = {isa = PBXFileReference; fileEncoding = 4; lastKnownFileType = sourcecode.c.h; path = "UINavigationBar+style.h"; sourceTree = "<group>"; };
		2E48160320B9818900AFCBBB /* SSAsertViewController.h */ = {isa = PBXFileReference; lastKnownFileType = sourcecode.c.h; path = SSAsertViewController.h; sourceTree = "<group>"; };
		2E48160420B9818900AFCBBB /* SSAsertViewController.m */ = {isa = PBXFileReference; lastKnownFileType = sourcecode.c.objc; path = SSAsertViewController.m; sourceTree = "<group>"; };
		2E48162820B983AC00AFCBBB /* me@2x.png */ = {isa = PBXFileReference; lastKnownFileType = image.png; path = "me@2x.png"; sourceTree = "<group>"; };
		2E48162920B983AC00AFCBBB /* home_blue@2x.png */ = {isa = PBXFileReference; lastKnownFileType = image.png; path = "home_blue@2x.png"; sourceTree = "<group>"; };
		2E48162A20B983AC00AFCBBB /* home_blue@3x.png */ = {isa = PBXFileReference; lastKnownFileType = image.png; path = "home_blue@3x.png"; sourceTree = "<group>"; };
		2E48162B20B983AC00AFCBBB /* u=2796464312,3280625818&fm=11&gp=0.jpg */ = {isa = PBXFileReference; lastKnownFileType = image.jpeg; path = "u=2796464312,3280625818&fm=11&gp=0.jpg"; sourceTree = "<group>"; };
		2E48162C20B983AC00AFCBBB /* me@3x.png */ = {isa = PBXFileReference; lastKnownFileType = image.png; path = "me@3x.png"; sourceTree = "<group>"; };
		2E48162D20B983AC00AFCBBB /* circle_blue@2x.png */ = {isa = PBXFileReference; lastKnownFileType = image.png; path = "circle_blue@2x.png"; sourceTree = "<group>"; };
		2E48162E20B983AC00AFCBBB /* me_blue@2x.png */ = {isa = PBXFileReference; lastKnownFileType = image.png; path = "me_blue@2x.png"; sourceTree = "<group>"; };
		2E48162F20B983AC00AFCBBB /* me_blue@3x.png */ = {isa = PBXFileReference; lastKnownFileType = image.png; path = "me_blue@3x.png"; sourceTree = "<group>"; };
		2E48163020B983AC00AFCBBB /* circle_blue@3x.png */ = {isa = PBXFileReference; lastKnownFileType = image.png; path = "circle_blue@3x.png"; sourceTree = "<group>"; };
		2E48163120B983AC00AFCBBB /* home_gray@2x.png */ = {isa = PBXFileReference; lastKnownFileType = image.png; path = "home_gray@2x.png"; sourceTree = "<group>"; };
		2E48163220B983AC00AFCBBB /* home_gray@3x.png */ = {isa = PBXFileReference; lastKnownFileType = image.png; path = "home_gray@3x.png"; sourceTree = "<group>"; };
		2E48163320B983AC00AFCBBB /* circle_gray@2x.png */ = {isa = PBXFileReference; lastKnownFileType = image.png; path = "circle_gray@2x.png"; sourceTree = "<group>"; };
		2E48163420B983AC00AFCBBB /* circle_gray@3x.png */ = {isa = PBXFileReference; lastKnownFileType = image.png; path = "circle_gray@3x.png"; sourceTree = "<group>"; };
		2E48164F20B9A95500AFCBBB /* UIBarButtonItem+Category.m */ = {isa = PBXFileReference; fileEncoding = 4; lastKnownFileType = sourcecode.c.objc; path = "UIBarButtonItem+Category.m"; sourceTree = "<group>"; };
		2E48165020B9A95500AFCBBB /* UIView+Category.m */ = {isa = PBXFileReference; fileEncoding = 4; lastKnownFileType = sourcecode.c.objc; path = "UIView+Category.m"; sourceTree = "<group>"; };
		2E48165120B9A95500AFCBBB /* UIView+Category.h */ = {isa = PBXFileReference; fileEncoding = 4; lastKnownFileType = sourcecode.c.h; path = "UIView+Category.h"; sourceTree = "<group>"; };
		2E48165220B9A95500AFCBBB /* UIBarButtonItem+Category.h */ = {isa = PBXFileReference; fileEncoding = 4; lastKnownFileType = sourcecode.c.h; path = "UIBarButtonItem+Category.h"; sourceTree = "<group>"; };
		2E48166520BA843B00AFCBBB /* SSAccountViewController.m */ = {isa = PBXFileReference; fileEncoding = 4; lastKnownFileType = sourcecode.c.objc; path = SSAccountViewController.m; sourceTree = "<group>"; };
		2E48166620BA843B00AFCBBB /* SSAccountViewController.h */ = {isa = PBXFileReference; fileEncoding = 4; lastKnownFileType = sourcecode.c.h; path = SSAccountViewController.h; sourceTree = "<group>"; };
		2E48166A20BA868300AFCBBB /* SSAccoutCell.h */ = {isa = PBXFileReference; lastKnownFileType = sourcecode.c.h; path = SSAccoutCell.h; sourceTree = "<group>"; };
		2E48166B20BA868300AFCBBB /* SSAccoutCell.m */ = {isa = PBXFileReference; lastKnownFileType = sourcecode.c.objc; path = SSAccoutCell.m; sourceTree = "<group>"; };
		2E48166C20BA868300AFCBBB /* SSAccoutCell.xib */ = {isa = PBXFileReference; lastKnownFileType = file.xib; path = SSAccoutCell.xib; sourceTree = "<group>"; };
		2E48166F20BA888500AFCBBB /* SSAccoutHeaderView.h */ = {isa = PBXFileReference; lastKnownFileType = sourcecode.c.h; path = SSAccoutHeaderView.h; sourceTree = "<group>"; };
		2E48167020BA888500AFCBBB /* SSAccoutHeaderView.m */ = {isa = PBXFileReference; lastKnownFileType = sourcecode.c.objc; path = SSAccoutHeaderView.m; sourceTree = "<group>"; };
		2E48167220BA889000AFCBBB /* SSAccoutHeaderView.xib */ = {isa = PBXFileReference; lastKnownFileType = file.xib; path = SSAccoutHeaderView.xib; sourceTree = "<group>"; };
		2E48167E20BAD7CF00AFCBBB /* SSMarktViewController.h */ = {isa = PBXFileReference; fileEncoding = 4; lastKnownFileType = sourcecode.c.h; path = SSMarktViewController.h; sourceTree = "<group>"; };
		2E48167F20BAD7CF00AFCBBB /* SSMarktViewController.m */ = {isa = PBXFileReference; fileEncoding = 4; lastKnownFileType = sourcecode.c.objc; path = SSMarktViewController.m; sourceTree = "<group>"; };
		2E48168120BAD82400AFCBBB /* SSSectionHeaderView.h */ = {isa = PBXFileReference; lastKnownFileType = sourcecode.c.h; path = SSSectionHeaderView.h; sourceTree = "<group>"; };
		2E48168220BAD82400AFCBBB /* SSSectionHeaderView.m */ = {isa = PBXFileReference; lastKnownFileType = sourcecode.c.objc; path = SSSectionHeaderView.m; sourceTree = "<group>"; };
		2E48168420BAD88D00AFCBBB /* SSMarketCell.h */ = {isa = PBXFileReference; lastKnownFileType = sourcecode.c.h; path = SSMarketCell.h; sourceTree = "<group>"; };
		2E48168520BAD88D00AFCBBB /* SSMarketCell.m */ = {isa = PBXFileReference; lastKnownFileType = sourcecode.c.objc; path = SSMarketCell.m; sourceTree = "<group>"; };
		2E48168620BAD88D00AFCBBB /* SSMarketCell.xib */ = {isa = PBXFileReference; lastKnownFileType = file.xib; path = SSMarketCell.xib; sourceTree = "<group>"; };
		2E48168920BAD89900AFCBBB /* SSSectionHeaderView.xib */ = {isa = PBXFileReference; lastKnownFileType = file.xib; path = SSSectionHeaderView.xib; sourceTree = "<group>"; };
		2E48168B20BAD8B900AFCBBB /* SSMarketModel.h */ = {isa = PBXFileReference; lastKnownFileType = sourcecode.c.h; path = SSMarketModel.h; sourceTree = "<group>"; };
		2E48168C20BAD8B900AFCBBB /* SSMarketModel.m */ = {isa = PBXFileReference; lastKnownFileType = sourcecode.c.objc; path = SSMarketModel.m; sourceTree = "<group>"; };
		2E48168E20BAD8CE00AFCBBB /* SSAccountModel.h */ = {isa = PBXFileReference; lastKnownFileType = sourcecode.c.h; path = SSAccountModel.h; sourceTree = "<group>"; };
		2E48168F20BAD8CE00AFCBBB /* SSAccountModel.m */ = {isa = PBXFileReference; lastKnownFileType = sourcecode.c.objc; path = SSAccountModel.m; sourceTree = "<group>"; };
		2E48169C20BB9AE300AFCBBB /* DefineTheme.h */ = {isa = PBXFileReference; fileEncoding = 4; lastKnownFileType = sourcecode.c.h; path = DefineTheme.h; sourceTree = "<group>"; };
		2E48169D20BB9AE300AFCBBB /* DefineMacro.h */ = {isa = PBXFileReference; fileEncoding = 4; lastKnownFileType = sourcecode.c.h; path = DefineMacro.h; sourceTree = "<group>"; };
		2E48169E20BB9AE300AFCBBB /* DefineRequest.h */ = {isa = PBXFileReference; fileEncoding = 4; lastKnownFileType = sourcecode.c.h; path = DefineRequest.h; sourceTree = "<group>"; };
		2E6C88FE20BC2E9900C0B37E /* SSAsertDetailVC.h */ = {isa = PBXFileReference; lastKnownFileType = sourcecode.c.h; path = SSAsertDetailVC.h; sourceTree = "<group>"; };
		2E6C88FF20BC2E9900C0B37E /* SSAsertDetailVC.m */ = {isa = PBXFileReference; lastKnownFileType = sourcecode.c.objc; path = SSAsertDetailVC.m; sourceTree = "<group>"; };
		2E6C890020BC2E9900C0B37E /* SSAsertDetailVC.xib */ = {isa = PBXFileReference; lastKnownFileType = file.xib; path = SSAsertDetailVC.xib; sourceTree = "<group>"; };
		2E6C890920BC522900C0B37E /* SSAsertCell.h */ = {isa = PBXFileReference; fileEncoding = 4; lastKnownFileType = sourcecode.c.h; path = SSAsertCell.h; sourceTree = "<group>"; };
		2E6C890A20BC522900C0B37E /* SSTradingRecordsCell.h */ = {isa = PBXFileReference; fileEncoding = 4; lastKnownFileType = sourcecode.c.h; path = SSTradingRecordsCell.h; sourceTree = "<group>"; };
		2E6C890B20BC522900C0B37E /* SSAsertHearView.m */ = {isa = PBXFileReference; fileEncoding = 4; lastKnownFileType = sourcecode.c.objc; path = SSAsertHearView.m; sourceTree = "<group>"; };
		2E6C890C20BC522900C0B37E /* SSAsertCell.m */ = {isa = PBXFileReference; fileEncoding = 4; lastKnownFileType = sourcecode.c.objc; path = SSAsertCell.m; sourceTree = "<group>"; };
		2E6C890D20BC522900C0B37E /* SSTradingRecordsCell.m */ = {isa = PBXFileReference; fileEncoding = 4; lastKnownFileType = sourcecode.c.objc; path = SSTradingRecordsCell.m; sourceTree = "<group>"; };
		2E6C890E20BC522900C0B37E /* SSTradingRecordsCell.xib */ = {isa = PBXFileReference; fileEncoding = 4; lastKnownFileType = file.xib; path = SSTradingRecordsCell.xib; sourceTree = "<group>"; };
		2E6C890F20BC522900C0B37E /* SSAsertCell.xib */ = {isa = PBXFileReference; fileEncoding = 4; lastKnownFileType = file.xib; path = SSAsertCell.xib; sourceTree = "<group>"; };
		2E6C891020BC522900C0B37E /* SSAsertHearView.xib */ = {isa = PBXFileReference; fileEncoding = 4; lastKnownFileType = file.xib; path = SSAsertHearView.xib; sourceTree = "<group>"; };
		2E6C891120BC522900C0B37E /* SSAsertHearView.h */ = {isa = PBXFileReference; fileEncoding = 4; lastKnownFileType = sourcecode.c.h; path = SSAsertHearView.h; sourceTree = "<group>"; };
		2E6C891320BC522900C0B37E /* SSAserModel.m */ = {isa = PBXFileReference; fileEncoding = 4; lastKnownFileType = sourcecode.c.objc; path = SSAserModel.m; sourceTree = "<group>"; };
		2E6C891420BC522900C0B37E /* SSAserModel.h */ = {isa = PBXFileReference; fileEncoding = 4; lastKnownFileType = sourcecode.c.h; path = SSAserModel.h; sourceTree = "<group>"; };
		2E6C891C20BC526400C0B37E /* SSTradeRecordModel.h */ = {isa = PBXFileReference; lastKnownFileType = sourcecode.c.h; path = SSTradeRecordModel.h; sourceTree = "<group>"; };
		2E6C891D20BC526400C0B37E /* SSTradeRecordModel.m */ = {isa = PBXFileReference; lastKnownFileType = sourcecode.c.objc; path = SSTradeRecordModel.m; sourceTree = "<group>"; };
		2E6C892720BC539E00C0B37E /* SSTranferViewController.h */ = {isa = PBXFileReference; lastKnownFileType = sourcecode.c.h; path = SSTranferViewController.h; sourceTree = "<group>"; };
		2E6C892820BC539E00C0B37E /* SSTranferViewController.m */ = {isa = PBXFileReference; lastKnownFileType = sourcecode.c.objc; path = SSTranferViewController.m; sourceTree = "<group>"; };
		2E6C892920BC539E00C0B37E /* SSTranferViewController.xib */ = {isa = PBXFileReference; lastKnownFileType = file.xib; path = SSTranferViewController.xib; sourceTree = "<group>"; };
		2E6C893120BC5ECC00C0B37E /* SSGetMoneyViewController.h */ = {isa = PBXFileReference; lastKnownFileType = sourcecode.c.h; path = SSGetMoneyViewController.h; sourceTree = "<group>"; };
		2E6C893220BC5ECC00C0B37E /* SSGetMoneyViewController.m */ = {isa = PBXFileReference; lastKnownFileType = sourcecode.c.objc; path = SSGetMoneyViewController.m; sourceTree = "<group>"; };
		2E6C893320BC5ECC00C0B37E /* SSGetMoneyViewController.xib */ = {isa = PBXFileReference; lastKnownFileType = file.xib; path = SSGetMoneyViewController.xib; sourceTree = "<group>"; };
		2E6C895920BD9A3C00C0B37E /* SSManagerPurseViewController.h */ = {isa = PBXFileReference; lastKnownFileType = sourcecode.c.h; path = SSManagerPurseViewController.h; sourceTree = "<group>"; };
		2E6C895A20BD9A3C00C0B37E /* SSManagerPurseViewController.m */ = {isa = PBXFileReference; lastKnownFileType = sourcecode.c.objc; path = SSManagerPurseViewController.m; sourceTree = "<group>"; };
		2E6C895E20BD9A8A00C0B37E /* SSCreatePurseViewController.h */ = {isa = PBXFileReference; lastKnownFileType = sourcecode.c.h; path = SSCreatePurseViewController.h; sourceTree = "<group>"; };
		2E6C895F20BD9A8A00C0B37E /* SSCreatePurseViewController.m */ = {isa = PBXFileReference; lastKnownFileType = sourcecode.c.objc; path = SSCreatePurseViewController.m; sourceTree = "<group>"; };
		2E6C896020BD9A8A00C0B37E /* SSCreatePurseViewController.xib */ = {isa = PBXFileReference; lastKnownFileType = file.xib; path = SSCreatePurseViewController.xib; sourceTree = "<group>"; };
		2E6C896320BD9AD600C0B37E /* SSAddPurseViewController.h */ = {isa = PBXFileReference; lastKnownFileType = sourcecode.c.h; path = SSAddPurseViewController.h; sourceTree = "<group>"; };
		2E6C896420BD9AD600C0B37E /* SSAddPurseViewController.m */ = {isa = PBXFileReference; lastKnownFileType = sourcecode.c.objc; path = SSAddPurseViewController.m; sourceTree = "<group>"; };
		2E6C896520BD9AD600C0B37E /* SSAddPurseViewController.xib */ = {isa = PBXFileReference; lastKnownFileType = file.xib; path = SSAddPurseViewController.xib; sourceTree = "<group>"; };
		2E6C896820BDB39300C0B37E /* UIImage+Image.m */ = {isa = PBXFileReference; fileEncoding = 4; lastKnownFileType = sourcecode.c.objc; path = "UIImage+Image.m"; sourceTree = "<group>"; };
		2E6C896920BDB39300C0B37E /* UIImage+Image.h */ = {isa = PBXFileReference; fileEncoding = 4; lastKnownFileType = sourcecode.c.h; path = "UIImage+Image.h"; sourceTree = "<group>"; };
		2E6C896C20BDB7C300C0B37E /* SSPurseListCell.h */ = {isa = PBXFileReference; lastKnownFileType = sourcecode.c.h; path = SSPurseListCell.h; sourceTree = "<group>"; };
		2E6C896D20BDB7C300C0B37E /* SSPurseListCell.m */ = {isa = PBXFileReference; lastKnownFileType = sourcecode.c.objc; path = SSPurseListCell.m; sourceTree = "<group>"; };
		2E6C896E20BDB7C300C0B37E /* SSPurseListCell.xib */ = {isa = PBXFileReference; lastKnownFileType = file.xib; path = SSPurseListCell.xib; sourceTree = "<group>"; };
		2E6C897120BDB7DE00C0B37E /* SSPurseListModel.h */ = {isa = PBXFileReference; lastKnownFileType = sourcecode.c.h; path = SSPurseListModel.h; sourceTree = "<group>"; };
		2E6C897220BDB7DE00C0B37E /* SSPurseListModel.m */ = {isa = PBXFileReference; lastKnownFileType = sourcecode.c.objc; path = SSPurseListModel.m; sourceTree = "<group>"; };
		2E6C897420BDC43C00C0B37E /* UIColor+WLZ_HexRGB.h */ = {isa = PBXFileReference; fileEncoding = 4; lastKnownFileType = sourcecode.c.h; path = "UIColor+WLZ_HexRGB.h"; sourceTree = "<group>"; };
		2E6C897520BDC43C00C0B37E /* UIColor+WLZ_HexRGB.m */ = {isa = PBXFileReference; fileEncoding = 4; lastKnownFileType = sourcecode.c.objc; path = "UIColor+WLZ_HexRGB.m"; sourceTree = "<group>"; };
		2E6C897720BE32C200C0B37E /* SJNavigationBar.h */ = {isa = PBXFileReference; fileEncoding = 4; lastKnownFileType = sourcecode.c.h; path = SJNavigationBar.h; sourceTree = "<group>"; };
		2E6C897820BE32C200C0B37E /* SJNavigationBar.m */ = {isa = PBXFileReference; fileEncoding = 4; lastKnownFileType = sourcecode.c.objc; path = SJNavigationBar.m; sourceTree = "<group>"; };
		2E6C89C920BEFB7D00C0B37E /* zh-Hans */ = {isa = PBXFileReference; lastKnownFileType = text.plist.strings; name = "zh-Hans"; path = "zh-Hans.lproj/Main.strings"; sourceTree = "<group>"; };
		2E6C89CA20BEFB7D00C0B37E /* zh-Hans */ = {isa = PBXFileReference; lastKnownFileType = text.plist.strings; name = "zh-Hans"; path = "zh-Hans.lproj/LaunchScreen.strings"; sourceTree = "<group>"; };
		2E6C89CB20BEFB9A00C0B37E /* zh-Hant */ = {isa = PBXFileReference; lastKnownFileType = text.plist.strings; name = "zh-Hant"; path = "zh-Hant.lproj/Main.strings"; sourceTree = "<group>"; };
		2E6C89CC20BEFB9A00C0B37E /* zh-Hant */ = {isa = PBXFileReference; lastKnownFileType = text.plist.strings; name = "zh-Hant"; path = "zh-Hant.lproj/LaunchScreen.strings"; sourceTree = "<group>"; };
		2E6C89D220BEFEF900C0B37E /* en */ = {isa = PBXFileReference; lastKnownFileType = text.plist.strings; name = en; path = en.lproj/InfoPlist.strings; sourceTree = "<group>"; };
		2E6C89D420BEFEFD00C0B37E /* zh-Hans */ = {isa = PBXFileReference; lastKnownFileType = text.plist.strings; name = "zh-Hans"; path = "zh-Hans.lproj/InfoPlist.strings"; sourceTree = "<group>"; };
		2E6C89D520BEFEFE00C0B37E /* zh-Hant */ = {isa = PBXFileReference; lastKnownFileType = text.plist.strings; name = "zh-Hant"; path = "zh-Hant.lproj/InfoPlist.strings"; sourceTree = "<group>"; };
		2E6C89D920BF01D500C0B37E /* en */ = {isa = PBXFileReference; lastKnownFileType = text.plist.strings; name = en; path = en.lproj/Localizable.strings; sourceTree = "<group>"; };
		2E6C89DB20BF01D600C0B37E /* zh-Hans */ = {isa = PBXFileReference; lastKnownFileType = text.plist.strings; name = "zh-Hans"; path = "zh-Hans.lproj/Localizable.strings"; sourceTree = "<group>"; };
		2E6C89DC20BF01D800C0B37E /* zh-Hant */ = {isa = PBXFileReference; lastKnownFileType = text.plist.strings; name = "zh-Hant"; path = "zh-Hant.lproj/Localizable.strings"; sourceTree = "<group>"; };
		2E6C89E920C0327E00C0B37E /* zh-Hans */ = {isa = PBXFileReference; lastKnownFileType = file.xib; name = "zh-Hans"; path = "zh-Hans.lproj/SSManagerPurseViewController.xib"; sourceTree = "<group>"; };
		2E6C89EA20C0327E00C0B37E /* zh-Hant */ = {isa = PBXFileReference; lastKnownFileType = file.xib; name = "zh-Hant"; path = "zh-Hant.lproj/SSManagerPurseViewController.xib"; sourceTree = "<group>"; };
		2E6C89EB20C0328600C0B37E /* en */ = {isa = PBXFileReference; lastKnownFileType = file.xib; name = en; path = en.lproj/SSManagerPurseViewController.xib; sourceTree = "<group>"; };
		2E6C89F420C03F1000C0B37E /* SSLanguageSetVC.h */ = {isa = PBXFileReference; lastKnownFileType = sourcecode.c.h; path = SSLanguageSetVC.h; sourceTree = "<group>"; };
		2E6C89F520C03F1000C0B37E /* SSLanguageSetVC.m */ = {isa = PBXFileReference; lastKnownFileType = sourcecode.c.objc; path = SSLanguageSetVC.m; sourceTree = "<group>"; };
		2E6C89F620C03F1000C0B37E /* SSLanguageSetVC.xib */ = {isa = PBXFileReference; lastKnownFileType = file.xib; path = SSLanguageSetVC.xib; sourceTree = "<group>"; };
		2E6C89F920C041A200C0B37E /* SSLanguageCell.h */ = {isa = PBXFileReference; lastKnownFileType = sourcecode.c.h; path = SSLanguageCell.h; sourceTree = "<group>"; };
		2E6C89FA20C041A200C0B37E /* SSLanguageCell.m */ = {isa = PBXFileReference; lastKnownFileType = sourcecode.c.objc; path = SSLanguageCell.m; sourceTree = "<group>"; };
		2E6C89FB20C041A200C0B37E /* SSLanguageCell.xib */ = {isa = PBXFileReference; lastKnownFileType = file.xib; path = SSLanguageCell.xib; sourceTree = "<group>"; };
		2E6C89FE20C0534400C0B37E /* HXLanguageManager.h */ = {isa = PBXFileReference; fileEncoding = 4; lastKnownFileType = sourcecode.c.h; path = HXLanguageManager.h; sourceTree = "<group>"; };
		2E6C89FF20C0534400C0B37E /* HXLanguageManager.m */ = {isa = PBXFileReference; fileEncoding = 4; lastKnownFileType = sourcecode.c.objc; path = HXLanguageManager.m; sourceTree = "<group>"; };
		2E6C8A0120C05B5000C0B37E /* SJLaunchPageView.m */ = {isa = PBXFileReference; fileEncoding = 4; lastKnownFileType = sourcecode.c.objc; path = SJLaunchPageView.m; sourceTree = "<group>"; };
		2E6C8A0220C05B5000C0B37E /* SJLaunchPageView.h */ = {isa = PBXFileReference; fileEncoding = 4; lastKnownFileType = sourcecode.c.h; path = SJLaunchPageView.h; sourceTree = "<group>"; };
		2E6C8A0420C05C7200C0B37E /* UIView+TNAppLib.m */ = {isa = PBXFileReference; fileEncoding = 4; lastKnownFileType = sourcecode.c.objc; path = "UIView+TNAppLib.m"; sourceTree = "<group>"; };
		2E6C8A0520C05C7200C0B37E /* UIView+TNAppLib.h */ = {isa = PBXFileReference; fileEncoding = 4; lastKnownFileType = sourcecode.c.h; path = "UIView+TNAppLib.h"; sourceTree = "<group>"; };
		2E6C8A0820C0EEB600C0B37E /* WBQRCodeScanningVC.h */ = {isa = PBXFileReference; fileEncoding = 4; lastKnownFileType = sourcecode.c.h; path = WBQRCodeScanningVC.h; sourceTree = "<group>"; };
		2E6C8A0920C0EEB600C0B37E /* WCQRCodeScanningVC.h */ = {isa = PBXFileReference; fileEncoding = 4; lastKnownFileType = sourcecode.c.h; path = WCQRCodeScanningVC.h; sourceTree = "<group>"; };
		2E6C8A0A20C0EEB600C0B37E /* QRCodeGenerateVC.m */ = {isa = PBXFileReference; fileEncoding = 4; lastKnownFileType = sourcecode.c.objc; path = QRCodeGenerateVC.m; sourceTree = "<group>"; };
		2E6C8A0B20C0EEB600C0B37E /* ScanSuccessJumpVC.h */ = {isa = PBXFileReference; fileEncoding = 4; lastKnownFileType = sourcecode.c.h; path = ScanSuccessJumpVC.h; sourceTree = "<group>"; };
		2E6C8A0C20C0EEB600C0B37E /* WBQRCodeScanningVC.m */ = {isa = PBXFileReference; fileEncoding = 4; lastKnownFileType = sourcecode.c.objc; path = WBQRCodeScanningVC.m; sourceTree = "<group>"; };
		2E6C8A0D20C0EEB600C0B37E /* QRCodeGenerateVC.h */ = {isa = PBXFileReference; fileEncoding = 4; lastKnownFileType = sourcecode.c.h; path = QRCodeGenerateVC.h; sourceTree = "<group>"; };
		2E6C8A0E20C0EEB600C0B37E /* WCQRCodeScanningVC.m */ = {isa = PBXFileReference; fileEncoding = 4; lastKnownFileType = sourcecode.c.objc; path = WCQRCodeScanningVC.m; sourceTree = "<group>"; };
		2E6C8A0F20C0EEB600C0B37E /* ScanSuccessJumpVC.m */ = {isa = PBXFileReference; fileEncoding = 4; lastKnownFileType = sourcecode.c.objc; path = ScanSuccessJumpVC.m; sourceTree = "<group>"; };
		2E6C8A1520C0EECE00C0B37E /* SGWebView.m */ = {isa = PBXFileReference; fileEncoding = 4; lastKnownFileType = sourcecode.c.objc; path = SGWebView.m; sourceTree = "<group>"; };
		2E6C8A1620C0EECE00C0B37E /* SGWebView.h */ = {isa = PBXFileReference; fileEncoding = 4; lastKnownFileType = sourcecode.c.h; path = SGWebView.h; sourceTree = "<group>"; };
		2E6C8A4320C122E300C0B37E /* MBProgressHUD+HYExtension.m */ = {isa = PBXFileReference; fileEncoding = 4; lastKnownFileType = sourcecode.c.objc; path = "MBProgressHUD+HYExtension.m"; sourceTree = "<group>"; };
		2E6C8A4420C122E400C0B37E /* MBProgressHUD+HYExtension.h */ = {isa = PBXFileReference; fileEncoding = 4; lastKnownFileType = sourcecode.c.h; path = "MBProgressHUD+HYExtension.h"; sourceTree = "<group>"; };
		45635F90D09F1EA465BFBC73 /* Pods-jw-wallet.debug.xcconfig */ = {isa = PBXFileReference; includeInIndex = 1; lastKnownFileType = text.xcconfig; name = "Pods-jw-wallet.debug.xcconfig"; path = "Pods/Target Support Files/Pods-jw-wallet/Pods-jw-wallet.debug.xcconfig"; sourceTree = "<group>"; };
		53679A0EAD92FE0F63959268 /* Pods-jw-wallet.release.xcconfig */ = {isa = PBXFileReference; includeInIndex = 1; lastKnownFileType = text.xcconfig; name = "Pods-jw-wallet.release.xcconfig"; path = "Pods/Target Support Files/Pods-jw-wallet/Pods-jw-wallet.release.xcconfig"; sourceTree = "<group>"; };
		CA5C7852F4DA627422A36587 /* libPods-jw-wallet.a */ = {isa = PBXFileReference; explicitFileType = archive.ar; includeInIndex = 0; path = "libPods-jw-wallet.a"; sourceTree = BUILT_PRODUCTS_DIR; };
/* End PBXFileReference section */

/* Begin PBXFrameworksBuildPhase section */
		2E48152A20B91FB800AFCBBB /* Frameworks */ = {
			isa = PBXFrameworksBuildPhase;
			buildActionMask = 2147483647;
			files = (
				002CF42B8F8ECDB403EEFB1D /* libPods-jw-wallet.a in Frameworks */,
			);
			runOnlyForDeploymentPostprocessing = 0;
		};
		2E48154220B91FB900AFCBBB /* Frameworks */ = {
			isa = PBXFrameworksBuildPhase;
			buildActionMask = 2147483647;
			files = (
			);
			runOnlyForDeploymentPostprocessing = 0;
		};
		2E48154D20B91FB900AFCBBB /* Frameworks */ = {
			isa = PBXFrameworksBuildPhase;
			buildActionMask = 2147483647;
			files = (
			);
			runOnlyForDeploymentPostprocessing = 0;
		};
/* End PBXFrameworksBuildPhase section */

/* Begin PBXGroup section */
		2E48152420B91FB800AFCBBB = {
			isa = PBXGroup;
			children = (
				2E48152F20B91FB800AFCBBB /* jw-wallet */,
				2E48154820B91FB900AFCBBB /* jw-walletTests */,
				2E48155320B91FB900AFCBBB /* jw-walletUITests */,
				2E48152E20B91FB800AFCBBB /* Products */,
				37CAACB097E5C8DDF8007802 /* Pods */,
				54DC894A045ECA55A50D29FE /* Frameworks */,
			);
			sourceTree = "<group>";
		};
		2E48152E20B91FB800AFCBBB /* Products */ = {
			isa = PBXGroup;
			children = (
				2E48152D20B91FB800AFCBBB /* jw-wallet.app */,
				2E48154520B91FB900AFCBBB /* jw-walletTests.xctest */,
				2E48155020B91FB900AFCBBB /* jw-walletUITests.xctest */,
			);
			name = Products;
			sourceTree = "<group>";
		};
		2E48152F20B91FB800AFCBBB /* jw-wallet */ = {
			isa = PBXGroup;
			children = (
				2E48156520B96FD000AFCBBB /* classes */,
				2E48158720B9701400AFCBBB /* Supporting Files */,
			);
			path = "jw-wallet";
			sourceTree = "<group>";
		};
		2E48154820B91FB900AFCBBB /* jw-walletTests */ = {
			isa = PBXGroup;
			children = (
				2E48154920B91FB900AFCBBB /* jw_walletTests.m */,
				2E48154B20B91FB900AFCBBB /* Info.plist */,
			);
			path = "jw-walletTests";
			sourceTree = "<group>";
		};
		2E48155320B91FB900AFCBBB /* jw-walletUITests */ = {
			isa = PBXGroup;
			children = (
				2E48155420B91FB900AFCBBB /* jw_walletUITests.m */,
				2E48155620B91FB900AFCBBB /* Info.plist */,
			);
			path = "jw-walletUITests";
			sourceTree = "<group>";
		};
		2E48156520B96FD000AFCBBB /* classes */ = {
			isa = PBXGroup;
			children = (
				2E48164520B984AA00AFCBBB /* Login&Register */,
				2E48158520B96FD100AFCBBB /* Main */,
				2E48158820B9734900AFCBBB /* Global */,
				2E48156720B96FD000AFCBBB /* market(行情) */,
				2E48156820B96FD000AFCBBB /* account(账户) */,
				2E48158620B96FD100AFCBBB /* assert(资产) */,
			);
			path = classes;
			sourceTree = "<group>";
		};
		2E48156720B96FD000AFCBBB /* market(行情) */ = {
			isa = PBXGroup;
			children = (
				2E48167D20BAD7CF00AFCBBB /* controller */,
				2E48167B20BAD7CF00AFCBBB /* model */,
				2E48167C20BAD7CF00AFCBBB /* view */,
			);
			path = "market(行情)";
			sourceTree = "<group>";
		};
		2E48156820B96FD000AFCBBB /* account(账户) */ = {
			isa = PBXGroup;
			children = (
				2E6C89F320C03EE900C0B37E /* 语言设置 */,
				2E48166420BA843B00AFCBBB /* controller */,
				2E48166720BA843B00AFCBBB /* model */,
				2E48166820BA843B00AFCBBB /* view */,
				2E48156920B96FD000AFCBBB /* PaySet */,
				2E48156D20B96FD000AFCBBB /* AppShare */,
				2E48157120B96FD000AFCBBB /* HelpCenter */,
				2E48157520B96FD000AFCBBB /* Language */,
				2E48157920B96FD000AFCBBB /* InviteCodeShare */,
				2E48157D20B96FD100AFCBBB /* MonetaryUnit */,
				2E48158120B96FD100AFCBBB /* BasicMessage */,
			);
			path = "account(账户)";
			sourceTree = "<group>";
		};
		2E48156920B96FD000AFCBBB /* PaySet */ = {
			isa = PBXGroup;
			children = (
				2E48156A20B96FD000AFCBBB /* controller */,
				2E48156B20B96FD000AFCBBB /* model */,
				2E48156C20B96FD000AFCBBB /* view */,
			);
			path = PaySet;
			sourceTree = "<group>";
		};
		2E48156A20B96FD000AFCBBB /* controller */ = {
			isa = PBXGroup;
			children = (
			);
			path = controller;
			sourceTree = "<group>";
		};
		2E48156B20B96FD000AFCBBB /* model */ = {
			isa = PBXGroup;
			children = (
			);
			path = model;
			sourceTree = "<group>";
		};
		2E48156C20B96FD000AFCBBB /* view */ = {
			isa = PBXGroup;
			children = (
			);
			path = view;
			sourceTree = "<group>";
		};
		2E48156D20B96FD000AFCBBB /* AppShare */ = {
			isa = PBXGroup;
			children = (
				2E48156E20B96FD000AFCBBB /* controller */,
				2E48156F20B96FD000AFCBBB /* model */,
				2E48157020B96FD000AFCBBB /* view */,
			);
			path = AppShare;
			sourceTree = "<group>";
		};
		2E48156E20B96FD000AFCBBB /* controller */ = {
			isa = PBXGroup;
			children = (
			);
			path = controller;
			sourceTree = "<group>";
		};
		2E48156F20B96FD000AFCBBB /* model */ = {
			isa = PBXGroup;
			children = (
			);
			path = model;
			sourceTree = "<group>";
		};
		2E48157020B96FD000AFCBBB /* view */ = {
			isa = PBXGroup;
			children = (
			);
			path = view;
			sourceTree = "<group>";
		};
		2E48157120B96FD000AFCBBB /* HelpCenter */ = {
			isa = PBXGroup;
			children = (
				2E48157220B96FD000AFCBBB /* controller */,
				2E48157320B96FD000AFCBBB /* model */,
				2E48157420B96FD000AFCBBB /* view */,
			);
			path = HelpCenter;
			sourceTree = "<group>";
		};
		2E48157220B96FD000AFCBBB /* controller */ = {
			isa = PBXGroup;
			children = (
			);
			path = controller;
			sourceTree = "<group>";
		};
		2E48157320B96FD000AFCBBB /* model */ = {
			isa = PBXGroup;
			children = (
			);
			path = model;
			sourceTree = "<group>";
		};
		2E48157420B96FD000AFCBBB /* view */ = {
			isa = PBXGroup;
			children = (
			);
			path = view;
			sourceTree = "<group>";
		};
		2E48157520B96FD000AFCBBB /* Language */ = {
			isa = PBXGroup;
			children = (
				2E48157620B96FD000AFCBBB /* controller */,
				2E48157720B96FD000AFCBBB /* model */,
				2E48157820B96FD000AFCBBB /* view */,
			);
			path = Language;
			sourceTree = "<group>";
		};
		2E48157620B96FD000AFCBBB /* controller */ = {
			isa = PBXGroup;
			children = (
			);
			path = controller;
			sourceTree = "<group>";
		};
		2E48157720B96FD000AFCBBB /* model */ = {
			isa = PBXGroup;
			children = (
			);
			path = model;
			sourceTree = "<group>";
		};
		2E48157820B96FD000AFCBBB /* view */ = {
			isa = PBXGroup;
			children = (
			);
			path = view;
			sourceTree = "<group>";
		};
		2E48157920B96FD000AFCBBB /* InviteCodeShare */ = {
			isa = PBXGroup;
			children = (
				2E48157A20B96FD000AFCBBB /* controller */,
				2E48157B20B96FD000AFCBBB /* model */,
				2E48157C20B96FD100AFCBBB /* view */,
			);
			path = InviteCodeShare;
			sourceTree = "<group>";
		};
		2E48157A20B96FD000AFCBBB /* controller */ = {
			isa = PBXGroup;
			children = (
			);
			path = controller;
			sourceTree = "<group>";
		};
		2E48157B20B96FD000AFCBBB /* model */ = {
			isa = PBXGroup;
			children = (
			);
			path = model;
			sourceTree = "<group>";
		};
		2E48157C20B96FD100AFCBBB /* view */ = {
			isa = PBXGroup;
			children = (
			);
			path = view;
			sourceTree = "<group>";
		};
		2E48157D20B96FD100AFCBBB /* MonetaryUnit */ = {
			isa = PBXGroup;
			children = (
				2E48157E20B96FD100AFCBBB /* controller */,
				2E48157F20B96FD100AFCBBB /* model */,
				2E48158020B96FD100AFCBBB /* view */,
			);
			path = MonetaryUnit;
			sourceTree = "<group>";
		};
		2E48157E20B96FD100AFCBBB /* controller */ = {
			isa = PBXGroup;
			children = (
			);
			path = controller;
			sourceTree = "<group>";
		};
		2E48157F20B96FD100AFCBBB /* model */ = {
			isa = PBXGroup;
			children = (
			);
			path = model;
			sourceTree = "<group>";
		};
		2E48158020B96FD100AFCBBB /* view */ = {
			isa = PBXGroup;
			children = (
			);
			path = view;
			sourceTree = "<group>";
		};
		2E48158120B96FD100AFCBBB /* BasicMessage */ = {
			isa = PBXGroup;
			children = (
				2E48158220B96FD100AFCBBB /* controller */,
				2E48158320B96FD100AFCBBB /* model */,
				2E48158420B96FD100AFCBBB /* view */,
			);
			path = BasicMessage;
			sourceTree = "<group>";
		};
		2E48158220B96FD100AFCBBB /* controller */ = {
			isa = PBXGroup;
			children = (
			);
			path = controller;
			sourceTree = "<group>";
		};
		2E48158320B96FD100AFCBBB /* model */ = {
			isa = PBXGroup;
			children = (
			);
			path = model;
			sourceTree = "<group>";
		};
		2E48158420B96FD100AFCBBB /* view */ = {
			isa = PBXGroup;
			children = (
			);
			path = view;
			sourceTree = "<group>";
		};
		2E48158520B96FD100AFCBBB /* Main */ = {
			isa = PBXGroup;
			children = (
			);
			path = Main;
			sourceTree = "<group>";
		};
		2E48158620B96FD100AFCBBB /* assert(资产) */ = {
			isa = PBXGroup;
			children = (
				2E6C896B20BDB73400C0B37E /* 扫码 */,
				2E6C895520BD988800C0B37E /* 钱包 */,
				2E6C891F20BC52F900C0B37E /* 收款 */,
				2E6C892320BC52F900C0B37E /* 转账 */,
				2E48160220B9813F00AFCBBB /* controller */,
				2E6C891220BC522900C0B37E /* model */,
				2E6C890820BC522900C0B37E /* view */,
			);
			path = "assert(资产)";
			sourceTree = "<group>";
		};
		2E48158720B9701400AFCBBB /* Supporting Files */ = {
			isa = PBXGroup;
			children = (
				2E48162720B983AC00AFCBBB /* Resources */,
				2E48153E20B91FB900AFCBBB /* Info.plist */,
				2E6C89D320BEFEF900C0B37E /* InfoPlist.strings */,
				2E6C89DA20BF01D500C0B37E /* Localizable.strings */,
				2E48153020B91FB800AFCBBB /* AppDelegate.h */,
				2E48153120B91FB800AFCBBB /* AppDelegate.m */,
				2E48153320B91FB800AFCBBB /* ViewController.h */,
				2E48153420B91FB800AFCBBB /* ViewController.m */,
				2E48153620B91FB800AFCBBB /* Main.storyboard */,
				2E48153920B91FB900AFCBBB /* Assets.xcassets */,
				2E48153B20B91FB900AFCBBB /* LaunchScreen.storyboard */,
				2E48153F20B91FB900AFCBBB /* main.m */,
			);
			path = "Supporting Files";
			sourceTree = "<group>";
		};
		2E48158820B9734900AFCBBB /* Global */ = {
			isa = PBXGroup;
			children = (
				2E48169F20BB9BE300AFCBBB /* Define */,
				2E48158920B9734900AFCBBB /* Category */,
				2E48159520B9734900AFCBBB /* NetWork */,
				2E48159820B9734900AFCBBB /* Other */,
				2E48159920B9734900AFCBBB /* UITools */,
				2E4815A120B9734900AFCBBB /* DataManage */,
			);
			path = Global;
			sourceTree = "<group>";
		};
		2E48158920B9734900AFCBBB /* Category */ = {
			isa = PBXGroup;
			children = (
				2E6C8A4420C122E400C0B37E /* MBProgressHUD+HYExtension.h */,
				2E6C8A4320C122E300C0B37E /* MBProgressHUD+HYExtension.m */,
				2E6C8A0520C05C7200C0B37E /* UIView+TNAppLib.h */,
				2E6C8A0420C05C7200C0B37E /* UIView+TNAppLib.m */,
				2E6C896920BDB39300C0B37E /* UIImage+Image.h */,
				2E6C896820BDB39300C0B37E /* UIImage+Image.m */,
				2E48165220B9A95500AFCBBB /* UIBarButtonItem+Category.h */,
				2E48164F20B9A95500AFCBBB /* UIBarButtonItem+Category.m */,
				2E48165120B9A95500AFCBBB /* UIView+Category.h */,
				2E48165020B9A95500AFCBBB /* UIView+Category.m */,
				2E4815FE20B97EAB00AFCBBB /* UINavigationBar+style.h */,
				2E4815FD20B97EAB00AFCBBB /* UINavigationBar+style.m */,
				2E48159120B9734900AFCBBB /* UIViewController+swizzling.h */,
				2E48158A20B9734900AFCBBB /* UIViewController+swizzling.m */,
				2E48158B20B9734900AFCBBB /* AppDelegate+ViewController.h */,
				2E48159020B9734900AFCBBB /* AppDelegate+ViewController.m */,
				2E48158D20B9734900AFCBBB /* AppDelegate+AppService.h */,
				2E48159220B9734900AFCBBB /* AppDelegate+AppService.m */,
				2E48158E20B9734900AFCBBB /* NSArray+swiArray.h */,
				2E48159320B9734900AFCBBB /* NSArray+swiArray.m */,
				2E6C897420BDC43C00C0B37E /* UIColor+WLZ_HexRGB.h */,
				2E6C897520BDC43C00C0B37E /* UIColor+WLZ_HexRGB.m */,
			);
			path = Category;
			sourceTree = "<group>";
		};
		2E48159520B9734900AFCBBB /* NetWork */ = {
			isa = PBXGroup;
			children = (
			);
			path = NetWork;
			sourceTree = "<group>";
		};
		2E48159820B9734900AFCBBB /* Other */ = {
			isa = PBXGroup;
			children = (
				2E6C8A0220C05B5000C0B37E /* SJLaunchPageView.h */,
				2E6C8A0120C05B5000C0B37E /* SJLaunchPageView.m */,
				2E4815B220B9765200AFCBBB /* SHSF.pch */,
				2E4815A020B9734900AFCBBB /* CommonMethods.h */,
				2E48159420B9734900AFCBBB /* CommonMethods.m */,
			);
			path = Other;
			sourceTree = "<group>";
		};
		2E48159920B9734900AFCBBB /* UITools */ = {
			isa = PBXGroup;
			children = (
				2E6C897720BE32C200C0B37E /* SJNavigationBar.h */,
				2E6C897820BE32C200C0B37E /* SJNavigationBar.m */,
				2E48159A20B9734900AFCBBB /* RootTabViewController.h */,
				2E48159E20B9734900AFCBBB /* RootTabViewController.m */,
				2E48159B20B9734900AFCBBB /* LWTNavigationViewController.h */,
				2E48159C20B9734900AFCBBB /* LWTSegementViewController.m */,
				2E48159D20B9734900AFCBBB /* LWTNavigationViewController.m */,
				2E48159F20B9734900AFCBBB /* LWTSegementViewController.h */,
			);
			path = UITools;
			sourceTree = "<group>";
		};
		2E4815A120B9734900AFCBBB /* DataManage */ = {
			isa = PBXGroup;
			children = (
				2E4815F720B97D6300AFCBBB /* PathManager.h */,
				2E4815F820B97D6400AFCBBB /* PathManager.m */,
				2E4815FA20B97D6400AFCBBB /* UserDefaultUtil.h */,
				2E4815F920B97D6400AFCBBB /* UserDefaultUtil.m */,
			);
			path = DataManage;
			sourceTree = "<group>";
		};
		2E48160220B9813F00AFCBBB /* controller */ = {
			isa = PBXGroup;
			children = (
				2E48160320B9818900AFCBBB /* SSAsertViewController.h */,
				2E48160420B9818900AFCBBB /* SSAsertViewController.m */,
				2E6C88FE20BC2E9900C0B37E /* SSAsertDetailVC.h */,
				2E6C88FF20BC2E9900C0B37E /* SSAsertDetailVC.m */,
				2E6C890020BC2E9900C0B37E /* SSAsertDetailVC.xib */,
			);
			path = controller;
			sourceTree = "<group>";
		};
		2E48162720B983AC00AFCBBB /* Resources */ = {
			isa = PBXGroup;
			children = (
				2E48162820B983AC00AFCBBB /* me@2x.png */,
				2E48162920B983AC00AFCBBB /* home_blue@2x.png */,
				2E48162A20B983AC00AFCBBB /* home_blue@3x.png */,
				2E48162B20B983AC00AFCBBB /* u=2796464312,3280625818&fm=11&gp=0.jpg */,
				2E48162C20B983AC00AFCBBB /* me@3x.png */,
				2E48162D20B983AC00AFCBBB /* circle_blue@2x.png */,
				2E48162E20B983AC00AFCBBB /* me_blue@2x.png */,
				2E48162F20B983AC00AFCBBB /* me_blue@3x.png */,
				2E48163020B983AC00AFCBBB /* circle_blue@3x.png */,
				2E48163120B983AC00AFCBBB /* home_gray@2x.png */,
				2E48163220B983AC00AFCBBB /* home_gray@3x.png */,
				2E48163320B983AC00AFCBBB /* circle_gray@2x.png */,
				2E48163420B983AC00AFCBBB /* circle_gray@3x.png */,
			);
			path = Resources;
			sourceTree = "<group>";
		};
		2E48164520B984AA00AFCBBB /* Login&Register */ = {
			isa = PBXGroup;
			children = (
				2E48164820B984DB00AFCBBB /* controller */,
				2E48164620B984DB00AFCBBB /* model */,
				2E48164720B984DB00AFCBBB /* view */,
			);
			path = "Login&Register";
			sourceTree = "<group>";
		};
		2E48164620B984DB00AFCBBB /* model */ = {
			isa = PBXGroup;
			children = (
			);
			name = model;
			path = "jw-wallet/classes/Login&Register/model";
			sourceTree = SOURCE_ROOT;
		};
		2E48164720B984DB00AFCBBB /* view */ = {
			isa = PBXGroup;
			children = (
			);
			name = view;
			path = "jw-wallet/classes/Login&Register/view";
			sourceTree = SOURCE_ROOT;
		};
		2E48164820B984DB00AFCBBB /* controller */ = {
			isa = PBXGroup;
			children = (
			);
			name = controller;
			path = "jw-wallet/classes/Login&Register/controller";
			sourceTree = SOURCE_ROOT;
		};
		2E48166420BA843B00AFCBBB /* controller */ = {
			isa = PBXGroup;
			children = (
				2E48166620BA843B00AFCBBB /* SSAccountViewController.h */,
				2E48166520BA843B00AFCBBB /* SSAccountViewController.m */,
			);
			path = controller;
			sourceTree = "<group>";
		};
		2E48166720BA843B00AFCBBB /* model */ = {
			isa = PBXGroup;
			children = (
				2E48168E20BAD8CE00AFCBBB /* SSAccountModel.h */,
				2E48168F20BAD8CE00AFCBBB /* SSAccountModel.m */,
			);
			path = model;
			sourceTree = "<group>";
		};
		2E48166820BA843B00AFCBBB /* view */ = {
			isa = PBXGroup;
			children = (
				2E48166A20BA868300AFCBBB /* SSAccoutCell.h */,
				2E48166B20BA868300AFCBBB /* SSAccoutCell.m */,
				2E48166C20BA868300AFCBBB /* SSAccoutCell.xib */,
				2E48166F20BA888500AFCBBB /* SSAccoutHeaderView.h */,
				2E48167020BA888500AFCBBB /* SSAccoutHeaderView.m */,
				2E48167220BA889000AFCBBB /* SSAccoutHeaderView.xib */,
			);
			path = view;
			sourceTree = "<group>";
		};
		2E48167B20BAD7CF00AFCBBB /* model */ = {
			isa = PBXGroup;
			children = (
				2E48168B20BAD8B900AFCBBB /* SSMarketModel.h */,
				2E48168C20BAD8B900AFCBBB /* SSMarketModel.m */,
			);
			path = model;
			sourceTree = "<group>";
		};
		2E48167C20BAD7CF00AFCBBB /* view */ = {
			isa = PBXGroup;
			children = (
				2E48168120BAD82400AFCBBB /* SSSectionHeaderView.h */,
				2E48168220BAD82400AFCBBB /* SSSectionHeaderView.m */,
				2E48168920BAD89900AFCBBB /* SSSectionHeaderView.xib */,
				2E48168420BAD88D00AFCBBB /* SSMarketCell.h */,
				2E48168520BAD88D00AFCBBB /* SSMarketCell.m */,
				2E48168620BAD88D00AFCBBB /* SSMarketCell.xib */,
			);
			path = view;
			sourceTree = "<group>";
		};
		2E48167D20BAD7CF00AFCBBB /* controller */ = {
			isa = PBXGroup;
			children = (
				2E48167E20BAD7CF00AFCBBB /* SSMarktViewController.h */,
				2E48167F20BAD7CF00AFCBBB /* SSMarktViewController.m */,
			);
			path = controller;
			sourceTree = "<group>";
		};
		2E48169F20BB9BE300AFCBBB /* Define */ = {
			isa = PBXGroup;
			children = (
				2E48169D20BB9AE300AFCBBB /* DefineMacro.h */,
				2E48169E20BB9AE300AFCBBB /* DefineRequest.h */,
				2E48169C20BB9AE300AFCBBB /* DefineTheme.h */,
			);
			path = Define;
			sourceTree = "<group>";
		};
		2E6C890820BC522900C0B37E /* view */ = {
			isa = PBXGroup;
			children = (
				2E6C890920BC522900C0B37E /* SSAsertCell.h */,
				2E6C890A20BC522900C0B37E /* SSTradingRecordsCell.h */,
				2E6C890B20BC522900C0B37E /* SSAsertHearView.m */,
				2E6C890C20BC522900C0B37E /* SSAsertCell.m */,
				2E6C890D20BC522900C0B37E /* SSTradingRecordsCell.m */,
				2E6C890E20BC522900C0B37E /* SSTradingRecordsCell.xib */,
				2E6C890F20BC522900C0B37E /* SSAsertCell.xib */,
				2E6C891020BC522900C0B37E /* SSAsertHearView.xib */,
				2E6C891120BC522900C0B37E /* SSAsertHearView.h */,
			);
			path = view;
			sourceTree = "<group>";
		};
		2E6C891220BC522900C0B37E /* model */ = {
			isa = PBXGroup;
			children = (
				2E6C891420BC522900C0B37E /* SSAserModel.h */,
				2E6C891320BC522900C0B37E /* SSAserModel.m */,
				2E6C891C20BC526400C0B37E /* SSTradeRecordModel.h */,
				2E6C891D20BC526400C0B37E /* SSTradeRecordModel.m */,
			);
			path = model;
			sourceTree = "<group>";
		};
		2E6C891F20BC52F900C0B37E /* 收款 */ = {
			isa = PBXGroup;
			children = (
				2E6C892020BC52F900C0B37E /* controller */,
				2E6C892120BC52F900C0B37E /* model */,
				2E6C892220BC52F900C0B37E /* view */,
			);
			path = "收款";
			sourceTree = "<group>";
		};
		2E6C892020BC52F900C0B37E /* controller */ = {
			isa = PBXGroup;
			children = (
				2E6C893120BC5ECC00C0B37E /* SSGetMoneyViewController.h */,
				2E6C893220BC5ECC00C0B37E /* SSGetMoneyViewController.m */,
				2E6C893320BC5ECC00C0B37E /* SSGetMoneyViewController.xib */,
			);
			path = controller;
			sourceTree = "<group>";
		};
		2E6C892120BC52F900C0B37E /* model */ = {
			isa = PBXGroup;
			children = (
			);
			path = model;
			sourceTree = "<group>";
		};
		2E6C892220BC52F900C0B37E /* view */ = {
			isa = PBXGroup;
			children = (
			);
			path = view;
			sourceTree = "<group>";
		};
		2E6C892320BC52F900C0B37E /* 转账 */ = {
			isa = PBXGroup;
			children = (
				2E6C892420BC52F900C0B37E /* controller */,
				2E6C892520BC52F900C0B37E /* model */,
				2E6C892620BC52F900C0B37E /* view */,
			);
			path = "转账";
			sourceTree = "<group>";
		};
		2E6C892420BC52F900C0B37E /* controller */ = {
			isa = PBXGroup;
			children = (
				2E6C892720BC539E00C0B37E /* SSTranferViewController.h */,
				2E6C892820BC539E00C0B37E /* SSTranferViewController.m */,
				2E6C892920BC539E00C0B37E /* SSTranferViewController.xib */,
			);
			path = controller;
			sourceTree = "<group>";
		};
		2E6C892520BC52F900C0B37E /* model */ = {
			isa = PBXGroup;
			children = (
			);
			path = model;
			sourceTree = "<group>";
		};
		2E6C892620BC52F900C0B37E /* view */ = {
			isa = PBXGroup;
			children = (
			);
			path = view;
			sourceTree = "<group>";
		};
		2E6C895520BD988800C0B37E /* 钱包 */ = {
			isa = PBXGroup;
			children = (
				2E6C895820BD98C300C0B37E /* controller */,
				2E6C895720BD98BB00C0B37E /* model */,
				2E6C895620BD98A800C0B37E /* view */,
			);
			path = "钱包";
			sourceTree = "<group>";
		};
		2E6C895620BD98A800C0B37E /* view */ = {
			isa = PBXGroup;
			children = (
				2E6C896C20BDB7C300C0B37E /* SSPurseListCell.h */,
				2E6C896D20BDB7C300C0B37E /* SSPurseListCell.m */,
				2E6C896E20BDB7C300C0B37E /* SSPurseListCell.xib */,
			);
			path = view;
			sourceTree = "<group>";
		};
		2E6C895720BD98BB00C0B37E /* model */ = {
			isa = PBXGroup;
			children = (
				2E6C897120BDB7DE00C0B37E /* SSPurseListModel.h */,
				2E6C897220BDB7DE00C0B37E /* SSPurseListModel.m */,
			);
			path = model;
			sourceTree = "<group>";
		};
		2E6C895820BD98C300C0B37E /* controller */ = {
			isa = PBXGroup;
			children = (
				2E6C895920BD9A3C00C0B37E /* SSManagerPurseViewController.h */,
				2E6C895A20BD9A3C00C0B37E /* SSManagerPurseViewController.m */,
				2E6C89E320C0301D00C0B37E /* SSManagerPurseViewController.xib */,
				2E6C895E20BD9A8A00C0B37E /* SSCreatePurseViewController.h */,
				2E6C895F20BD9A8A00C0B37E /* SSCreatePurseViewController.m */,
				2E6C896020BD9A8A00C0B37E /* SSCreatePurseViewController.xib */,
				2E6C896320BD9AD600C0B37E /* SSAddPurseViewController.h */,
				2E6C896420BD9AD600C0B37E /* SSAddPurseViewController.m */,
				2E6C896520BD9AD600C0B37E /* SSAddPurseViewController.xib */,
			);
			path = controller;
			sourceTree = "<group>";
		};
		2E6C896B20BDB73400C0B37E /* 扫码 */ = {
			isa = PBXGroup;
			children = (
				2E6C8A1420C0EECE00C0B37E /* View */,
				2E6C8A0720C0EEB600C0B37E /* Controller */,
			);
			path = "扫码";
			sourceTree = "<group>";
		};
		2E6C89F320C03EE900C0B37E /* 语言设置 */ = {
			isa = PBXGroup;
			children = (
				2E6C89FE20C0534400C0B37E /* HXLanguageManager.h */,
				2E6C89FF20C0534400C0B37E /* HXLanguageManager.m */,
				2E6C89F420C03F1000C0B37E /* SSLanguageSetVC.h */,
				2E6C89F520C03F1000C0B37E /* SSLanguageSetVC.m */,
				2E6C89F620C03F1000C0B37E /* SSLanguageSetVC.xib */,
				2E6C89F920C041A200C0B37E /* SSLanguageCell.h */,
				2E6C89FA20C041A200C0B37E /* SSLanguageCell.m */,
				2E6C89FB20C041A200C0B37E /* SSLanguageCell.xib */,
			);
			path = "语言设置";
			sourceTree = "<group>";
		};
		2E6C8A0720C0EEB600C0B37E /* Controller */ = {
			isa = PBXGroup;
			children = (
				2E6C8A0D20C0EEB600C0B37E /* QRCodeGenerateVC.h */,
				2E6C8A0A20C0EEB600C0B37E /* QRCodeGenerateVC.m */,
				2E6C8A0920C0EEB600C0B37E /* WCQRCodeScanningVC.h */,
				2E6C8A0E20C0EEB600C0B37E /* WCQRCodeScanningVC.m */,
				2E6C8A0820C0EEB600C0B37E /* WBQRCodeScanningVC.h */,
				2E6C8A0C20C0EEB600C0B37E /* WBQRCodeScanningVC.m */,
				2E6C8A0B20C0EEB600C0B37E /* ScanSuccessJumpVC.h */,
				2E6C8A0F20C0EEB600C0B37E /* ScanSuccessJumpVC.m */,
			);
			path = Controller;
			sourceTree = "<group>";
		};
		2E6C8A1420C0EECE00C0B37E /* View */ = {
			isa = PBXGroup;
			children = (
				2E6C8A1620C0EECE00C0B37E /* SGWebView.h */,
				2E6C8A1520C0EECE00C0B37E /* SGWebView.m */,
			);
			path = View;
			sourceTree = "<group>";
		};
		37CAACB097E5C8DDF8007802 /* Pods */ = {
			isa = PBXGroup;
			children = (
				45635F90D09F1EA465BFBC73 /* Pods-jw-wallet.debug.xcconfig */,
				53679A0EAD92FE0F63959268 /* Pods-jw-wallet.release.xcconfig */,
			);
			name = Pods;
			sourceTree = "<group>";
		};
		54DC894A045ECA55A50D29FE /* Frameworks */ = {
			isa = PBXGroup;
			children = (
				CA5C7852F4DA627422A36587 /* libPods-jw-wallet.a */,
			);
			name = Frameworks;
			sourceTree = "<group>";
		};
/* End PBXGroup section */

/* Begin PBXNativeTarget section */
		2E48152C20B91FB800AFCBBB /* jw-wallet */ = {
			isa = PBXNativeTarget;
			buildConfigurationList = 2E48155920B91FB900AFCBBB /* Build configuration list for PBXNativeTarget "jw-wallet" */;
			buildPhases = (
				932A0B30651648D6609C089E /* [CP] Check Pods Manifest.lock */,
				2E48152920B91FB800AFCBBB /* Sources */,
				2E48152A20B91FB800AFCBBB /* Frameworks */,
				2E48152B20B91FB800AFCBBB /* Resources */,
				0BBACA510C439D4A6923A8AE /* [CP] Copy Pods Resources */,
			);
			buildRules = (
			);
			dependencies = (
			);
			name = "jw-wallet";
			productName = "jw-wallet";
			productReference = 2E48152D20B91FB800AFCBBB /* jw-wallet.app */;
			productType = "com.apple.product-type.application";
		};
		2E48154420B91FB900AFCBBB /* jw-walletTests */ = {
			isa = PBXNativeTarget;
			buildConfigurationList = 2E48155C20B91FB900AFCBBB /* Build configuration list for PBXNativeTarget "jw-walletTests" */;
			buildPhases = (
				2E48154120B91FB900AFCBBB /* Sources */,
				2E48154220B91FB900AFCBBB /* Frameworks */,
				2E48154320B91FB900AFCBBB /* Resources */,
			);
			buildRules = (
			);
			dependencies = (
				2E48154720B91FB900AFCBBB /* PBXTargetDependency */,
			);
			name = "jw-walletTests";
			productName = "jw-walletTests";
			productReference = 2E48154520B91FB900AFCBBB /* jw-walletTests.xctest */;
			productType = "com.apple.product-type.bundle.unit-test";
		};
		2E48154F20B91FB900AFCBBB /* jw-walletUITests */ = {
			isa = PBXNativeTarget;
			buildConfigurationList = 2E48155F20B91FB900AFCBBB /* Build configuration list for PBXNativeTarget "jw-walletUITests" */;
			buildPhases = (
				2E48154C20B91FB900AFCBBB /* Sources */,
				2E48154D20B91FB900AFCBBB /* Frameworks */,
				2E48154E20B91FB900AFCBBB /* Resources */,
			);
			buildRules = (
			);
			dependencies = (
				2E48155220B91FB900AFCBBB /* PBXTargetDependency */,
			);
			name = "jw-walletUITests";
			productName = "jw-walletUITests";
			productReference = 2E48155020B91FB900AFCBBB /* jw-walletUITests.xctest */;
			productType = "com.apple.product-type.bundle.ui-testing";
		};
/* End PBXNativeTarget section */

/* Begin PBXProject section */
		2E48152520B91FB800AFCBBB /* Project object */ = {
			isa = PBXProject;
			attributes = {
				CLASSPREFIX = SS;
				LastUpgradeCheck = 0930;
				ORGANIZATIONNAME = SHSF;
				TargetAttributes = {
					2E48152C20B91FB800AFCBBB = {
						CreatedOnToolsVersion = 9.3;
					};
					2E48154420B91FB900AFCBBB = {
						CreatedOnToolsVersion = 9.3;
						TestTargetID = 2E48152C20B91FB800AFCBBB;
					};
					2E48154F20B91FB900AFCBBB = {
						CreatedOnToolsVersion = 9.3;
						TestTargetID = 2E48152C20B91FB800AFCBBB;
					};
				};
			};
			buildConfigurationList = 2E48152820B91FB800AFCBBB /* Build configuration list for PBXProject "jw-wallet" */;
			compatibilityVersion = "Xcode 9.3";
			developmentRegion = en;
			hasScannedForEncodings = 0;
			knownRegions = (
				en,
				Base,
				"zh-Hans",
				"zh-Hant",
			);
			mainGroup = 2E48152420B91FB800AFCBBB;
			productRefGroup = 2E48152E20B91FB800AFCBBB /* Products */;
			projectDirPath = "";
			projectRoot = "";
			targets = (
				2E48152C20B91FB800AFCBBB /* jw-wallet */,
				2E48154420B91FB900AFCBBB /* jw-walletTests */,
				2E48154F20B91FB900AFCBBB /* jw-walletUITests */,
			);
		};
/* End PBXProject section */

/* Begin PBXResourcesBuildPhase section */
		2E48152B20B91FB800AFCBBB /* Resources */ = {
			isa = PBXResourcesBuildPhase;
			buildActionMask = 2147483647;
			files = (
				2E48163720B983AC00AFCBBB /* home_blue@3x.png in Resources */,
				2E6C89D120BEFEF900C0B37E /* InfoPlist.strings in Resources */,
				2E48163920B983AC00AFCBBB /* me@3x.png in Resources */,
				2E6C89F820C03F1000C0B37E /* SSLanguageSetVC.xib in Resources */,
				2E6C891920BC522900C0B37E /* SSAsertCell.xib in Resources */,
				2E6C897020BDB7C300C0B37E /* SSPurseListCell.xib in Resources */,
				2E48163820B983AC00AFCBBB /* u=2796464312,3280625818&fm=11&gp=0.jpg in Resources */,
				2E6C893520BC5ECC00C0B37E /* SSGetMoneyViewController.xib in Resources */,
				2E6C891A20BC522900C0B37E /* SSAsertHearView.xib in Resources */,
				2E6C89FD20C041A200C0B37E /* SSLanguageCell.xib in Resources */,
				2E48163520B983AC00AFCBBB /* me@2x.png in Resources */,
				2E6C89E120C0301D00C0B37E /* SSManagerPurseViewController.xib in Resources */,
				2E6C892B20BC539E00C0B37E /* SSTranferViewController.xib in Resources */,
				2E48164120B983AC00AFCBBB /* circle_gray@3x.png in Resources */,
				2E6C896720BD9AD600C0B37E /* SSAddPurseViewController.xib in Resources */,
				2E6C89D820BF01D500C0B37E /* Localizable.strings in Resources */,
				2E48163B20B983AC00AFCBBB /* me_blue@2x.png in Resources */,
				2E6C891820BC522900C0B37E /* SSTradingRecordsCell.xib in Resources */,
				2E48163F20B983AC00AFCBBB /* home_gray@3x.png in Resources */,
				2E48167320BA889000AFCBBB /* SSAccoutHeaderView.xib in Resources */,
				2E48163D20B983AC00AFCBBB /* circle_blue@3x.png in Resources */,
				2E48153D20B91FB900AFCBBB /* LaunchScreen.storyboard in Resources */,
				2E6C896220BD9A8A00C0B37E /* SSCreatePurseViewController.xib in Resources */,
				2E48163620B983AC00AFCBBB /* home_blue@2x.png in Resources */,
				2E6C890220BC2E9900C0B37E /* SSAsertDetailVC.xib in Resources */,
				2E48166E20BA868300AFCBBB /* SSAccoutCell.xib in Resources */,
				2E48153A20B91FB900AFCBBB /* Assets.xcassets in Resources */,
				2E48168820BAD88D00AFCBBB /* SSMarketCell.xib in Resources */,
				2E48164020B983AC00AFCBBB /* circle_gray@2x.png in Resources */,
				2E48163E20B983AC00AFCBBB /* home_gray@2x.png in Resources */,
				2E48163A20B983AC00AFCBBB /* circle_blue@2x.png in Resources */,
				2E48168A20BAD89900AFCBBB /* SSSectionHeaderView.xib in Resources */,
				2E48153820B91FB800AFCBBB /* Main.storyboard in Resources */,
				2E48163C20B983AC00AFCBBB /* me_blue@3x.png in Resources */,
			);
			runOnlyForDeploymentPostprocessing = 0;
		};
		2E48154320B91FB900AFCBBB /* Resources */ = {
			isa = PBXResourcesBuildPhase;
			buildActionMask = 2147483647;
			files = (
			);
			runOnlyForDeploymentPostprocessing = 0;
		};
		2E48154E20B91FB900AFCBBB /* Resources */ = {
			isa = PBXResourcesBuildPhase;
			buildActionMask = 2147483647;
			files = (
			);
			runOnlyForDeploymentPostprocessing = 0;
		};
/* End PBXResourcesBuildPhase section */

/* Begin PBXShellScriptBuildPhase section */
		0BBACA510C439D4A6923A8AE /* [CP] Copy Pods Resources */ = {
			isa = PBXShellScriptBuildPhase;
			buildActionMask = 2147483647;
			files = (
			);
			inputPaths = (
				"${SRCROOT}/Pods/Target Support Files/Pods-jw-wallet/Pods-jw-wallet-resources.sh",
				"${PODS_ROOT}/MJRefresh/MJRefresh/MJRefresh.bundle",
				"${PODS_ROOT}/SGQRCode/SGQRCode/SGQRCode.bundle",
			);
			name = "[CP] Copy Pods Resources";
			outputPaths = (
				"${TARGET_BUILD_DIR}/${UNLOCALIZED_RESOURCES_FOLDER_PATH}/MJRefresh.bundle",
				"${TARGET_BUILD_DIR}/${UNLOCALIZED_RESOURCES_FOLDER_PATH}/SGQRCode.bundle",
			);
			runOnlyForDeploymentPostprocessing = 0;
			shellPath = /bin/sh;
			shellScript = "\"${SRCROOT}/Pods/Target Support Files/Pods-jw-wallet/Pods-jw-wallet-resources.sh\"\n";
			showEnvVarsInLog = 0;
		};
		932A0B30651648D6609C089E /* [CP] Check Pods Manifest.lock */ = {
			isa = PBXShellScriptBuildPhase;
			buildActionMask = 2147483647;
			files = (
			);
			inputPaths = (
				"${PODS_PODFILE_DIR_PATH}/Podfile.lock",
				"${PODS_ROOT}/Manifest.lock",
			);
			name = "[CP] Check Pods Manifest.lock";
			outputPaths = (
				"$(DERIVED_FILE_DIR)/Pods-jw-wallet-checkManifestLockResult.txt",
			);
			runOnlyForDeploymentPostprocessing = 0;
			shellPath = /bin/sh;
			shellScript = "diff \"${PODS_PODFILE_DIR_PATH}/Podfile.lock\" \"${PODS_ROOT}/Manifest.lock\" > /dev/null\nif [ $? != 0 ] ; then\n    # print error to STDERR\n    echo \"error: The sandbox is not in sync with the Podfile.lock. Run 'pod install' or update your CocoaPods installation.\" >&2\n    exit 1\nfi\n# This output is used by Xcode 'outputs' to avoid re-running this script phase.\necho \"SUCCESS\" > \"${SCRIPT_OUTPUT_FILE_0}\"\n";
			showEnvVarsInLog = 0;
		};
/* End PBXShellScriptBuildPhase section */

/* Begin PBXSourcesBuildPhase section */
		2E48152920B91FB800AFCBBB /* Sources */ = {
			isa = PBXSourcesBuildPhase;
			buildActionMask = 2147483647;
			files = (
				2E6C8A1120C0EEB600C0B37E /* WBQRCodeScanningVC.m in Sources */,
				2E48168320BAD82400AFCBBB /* SSSectionHeaderView.m in Sources */,
				2E6C8A1020C0EEB600C0B37E /* QRCodeGenerateVC.m in Sources */,
				2E6C891620BC522900C0B37E /* SSAsertCell.m in Sources */,
				2E6C896620BD9AD600C0B37E /* SSAddPurseViewController.m in Sources */,
				2E6C8A1720C0EECE00C0B37E /* SGWebView.m in Sources */,
				2E6C89F720C03F1000C0B37E /* SSLanguageSetVC.m in Sources */,
				2E6C8A0620C05C7200C0B37E /* UIView+TNAppLib.m in Sources */,
				2E6C891E20BC526400C0B37E /* SSTradeRecordModel.m in Sources */,
				2E6C8A0020C0534400C0B37E /* HXLanguageManager.m in Sources */,
				2E4815A620B9734900AFCBBB /* UIViewController+swizzling.m in Sources */,
				2E6C895C20BD9A3C00C0B37E /* SSManagerPurseViewController.m in Sources */,
				2E4815AB20B9734900AFCBBB /* CommonMethods.m in Sources */,
				2E48165320B9A95500AFCBBB /* UIBarButtonItem+Category.m in Sources */,
				2E6C896120BD9A8A00C0B37E /* SSCreatePurseViewController.m in Sources */,
				2E6C897920BE32C300C0B37E /* SJNavigationBar.m in Sources */,
				2E6C897320BDB7DE00C0B37E /* SSPurseListModel.m in Sources */,
				2E4815FB20B97D6400AFCBBB /* PathManager.m in Sources */,
				2E6C891B20BC522900C0B37E /* SSAserModel.m in Sources */,
				2E6C8A0320C05B5000C0B37E /* SJLaunchPageView.m in Sources */,
				2E48166D20BA868300AFCBBB /* SSAccoutCell.m in Sources */,
				2E48168D20BAD8B900AFCBBB /* SSMarketModel.m in Sources */,
				2E48168020BAD7CF00AFCBBB /* SSMarktViewController.m in Sources */,
				2E6C892A20BC539E00C0B37E /* SSTranferViewController.m in Sources */,
				2E6C891720BC522900C0B37E /* SSTradingRecordsCell.m in Sources */,
				2E4815AE20B9734900AFCBBB /* LWTNavigationViewController.m in Sources */,
				2E48166920BA843B00AFCBBB /* SSAccountViewController.m in Sources */,
				2E48168720BAD88D00AFCBBB /* SSMarketCell.m in Sources */,
				2E4815FC20B97D6400AFCBBB /* UserDefaultUtil.m in Sources */,
				2E48165420B9A95500AFCBBB /* UIView+Category.m in Sources */,
				2E48169020BAD8CE00AFCBBB /* SSAccountModel.m in Sources */,
				2E4815FF20B97EAB00AFCBBB /* UINavigationBar+style.m in Sources */,
				2E6C8A1320C0EEB600C0B37E /* ScanSuccessJumpVC.m in Sources */,
				2E48153520B91FB800AFCBBB /* ViewController.m in Sources */,
				2E6C89FC20C041A200C0B37E /* SSLanguageCell.m in Sources */,
				2E4815AA20B9734900AFCBBB /* NSArray+swiArray.m in Sources */,
				2E6C890120BC2E9900C0B37E /* SSAsertDetailVC.m in Sources */,
				2E4815AD20B9734900AFCBBB /* LWTSegementViewController.m in Sources */,
				2E4815AF20B9734900AFCBBB /* RootTabViewController.m in Sources */,
				2E48167120BA888500AFCBBB /* SSAccoutHeaderView.m in Sources */,
				2E6C8A4520C122E400C0B37E /* MBProgressHUD+HYExtension.m in Sources */,
				2E6C893420BC5ECC00C0B37E /* SSGetMoneyViewController.m in Sources */,
				2E4815A820B9734900AFCBBB /* AppDelegate+ViewController.m in Sources */,
				2E48154020B91FB900AFCBBB /* main.m in Sources */,
				2E6C8A1220C0EEB600C0B37E /* WCQRCodeScanningVC.m in Sources */,
				2E48160520B9818900AFCBBB /* SSAsertViewController.m in Sources */,
				2E6C896F20BDB7C300C0B37E /* SSPurseListCell.m in Sources */,
				2E6C897620BDC43C00C0B37E /* UIColor+WLZ_HexRGB.m in Sources */,
				2E6C896A20BDB39400C0B37E /* UIImage+Image.m in Sources */,
				2E6C891520BC522900C0B37E /* SSAsertHearView.m in Sources */,
				2E48153220B91FB800AFCBBB /* AppDelegate.m in Sources */,
				2E4815A920B9734900AFCBBB /* AppDelegate+AppService.m in Sources */,
			);
			runOnlyForDeploymentPostprocessing = 0;
		};
		2E48154120B91FB900AFCBBB /* Sources */ = {
			isa = PBXSourcesBuildPhase;
			buildActionMask = 2147483647;
			files = (
				2E48154A20B91FB900AFCBBB /* jw_walletTests.m in Sources */,
			);
			runOnlyForDeploymentPostprocessing = 0;
		};
		2E48154C20B91FB900AFCBBB /* Sources */ = {
			isa = PBXSourcesBuildPhase;
			buildActionMask = 2147483647;
			files = (
				2E48155520B91FB900AFCBBB /* jw_walletUITests.m in Sources */,
			);
			runOnlyForDeploymentPostprocessing = 0;
		};
/* End PBXSourcesBuildPhase section */

/* Begin PBXTargetDependency section */
		2E48154720B91FB900AFCBBB /* PBXTargetDependency */ = {
			isa = PBXTargetDependency;
			target = 2E48152C20B91FB800AFCBBB /* jw-wallet */;
			targetProxy = 2E48154620B91FB900AFCBBB /* PBXContainerItemProxy */;
		};
		2E48155220B91FB900AFCBBB /* PBXTargetDependency */ = {
			isa = PBXTargetDependency;
			target = 2E48152C20B91FB800AFCBBB /* jw-wallet */;
			targetProxy = 2E48155120B91FB900AFCBBB /* PBXContainerItemProxy */;
		};
/* End PBXTargetDependency section */

/* Begin PBXVariantGroup section */
		2E48153620B91FB800AFCBBB /* Main.storyboard */ = {
			isa = PBXVariantGroup;
			children = (
				2E48153720B91FB800AFCBBB /* Base */,
				2E6C89C920BEFB7D00C0B37E /* zh-Hans */,
				2E6C89CB20BEFB9A00C0B37E /* zh-Hant */,
			);
			name = Main.storyboard;
			sourceTree = "<group>";
		};
		2E48153B20B91FB900AFCBBB /* LaunchScreen.storyboard */ = {
			isa = PBXVariantGroup;
			children = (
				2E48153C20B91FB900AFCBBB /* Base */,
				2E6C89CA20BEFB7D00C0B37E /* zh-Hans */,
				2E6C89CC20BEFB9A00C0B37E /* zh-Hant */,
			);
			name = LaunchScreen.storyboard;
			sourceTree = "<group>";
		};
		2E6C89D320BEFEF900C0B37E /* InfoPlist.strings */ = {
			isa = PBXVariantGroup;
			children = (
				2E6C89D220BEFEF900C0B37E /* en */,
				2E6C89D420BEFEFD00C0B37E /* zh-Hans */,
				2E6C89D520BEFEFE00C0B37E /* zh-Hant */,
			);
			name = InfoPlist.strings;
			sourceTree = "<group>";
		};
		2E6C89DA20BF01D500C0B37E /* Localizable.strings */ = {
			isa = PBXVariantGroup;
			children = (
				2E6C89D920BF01D500C0B37E /* en */,
				2E6C89DB20BF01D600C0B37E /* zh-Hans */,
				2E6C89DC20BF01D800C0B37E /* zh-Hant */,
			);
			name = Localizable.strings;
			sourceTree = "<group>";
		};
		2E6C89E320C0301D00C0B37E /* SSManagerPurseViewController.xib */ = {
			isa = PBXVariantGroup;
			children = (
				2E6C89E920C0327E00C0B37E /* zh-Hans */,
				2E6C89EA20C0327E00C0B37E /* zh-Hant */,
				2E6C89EB20C0328600C0B37E /* en */,
			);
			name = SSManagerPurseViewController.xib;
			sourceTree = "<group>";
		};
/* End PBXVariantGroup section */

/* Begin XCBuildConfiguration section */
		2E48155720B91FB900AFCBBB /* Debug */ = {
			isa = XCBuildConfiguration;
			buildSettings = {
				ALWAYS_SEARCH_USER_PATHS = NO;
				CLANG_ANALYZER_LOCALIZABILITY_NONLOCALIZED = YES;
				CLANG_ANALYZER_NONNULL = YES;
				CLANG_ANALYZER_NUMBER_OBJECT_CONVERSION = YES_AGGRESSIVE;
				CLANG_CXX_LANGUAGE_STANDARD = "gnu++14";
				CLANG_CXX_LIBRARY = "libc++";
				CLANG_ENABLE_MODULES = YES;
				CLANG_ENABLE_OBJC_ARC = YES;
				CLANG_ENABLE_OBJC_WEAK = YES;
				CLANG_WARN_BLOCK_CAPTURE_AUTORELEASING = YES;
				CLANG_WARN_BOOL_CONVERSION = YES;
				CLANG_WARN_COMMA = YES;
				CLANG_WARN_CONSTANT_CONVERSION = YES;
				CLANG_WARN_DEPRECATED_OBJC_IMPLEMENTATIONS = YES;
				CLANG_WARN_DIRECT_OBJC_ISA_USAGE = YES_ERROR;
				CLANG_WARN_DOCUMENTATION_COMMENTS = YES;
				CLANG_WARN_EMPTY_BODY = YES;
				CLANG_WARN_ENUM_CONVERSION = YES;
				CLANG_WARN_INFINITE_RECURSION = YES;
				CLANG_WARN_INT_CONVERSION = YES;
				CLANG_WARN_NON_LITERAL_NULL_CONVERSION = YES;
				CLANG_WARN_OBJC_IMPLICIT_RETAIN_SELF = YES;
				CLANG_WARN_OBJC_LITERAL_CONVERSION = YES;
				CLANG_WARN_OBJC_ROOT_CLASS = YES_ERROR;
				CLANG_WARN_RANGE_LOOP_ANALYSIS = YES;
				CLANG_WARN_STRICT_PROTOTYPES = YES;
				CLANG_WARN_SUSPICIOUS_MOVE = YES;
				CLANG_WARN_UNGUARDED_AVAILABILITY = YES_AGGRESSIVE;
				CLANG_WARN_UNREACHABLE_CODE = YES;
				CLANG_WARN__DUPLICATE_METHOD_MATCH = YES;
				CODE_SIGN_IDENTITY = "iPhone Developer";
				COPY_PHASE_STRIP = NO;
				DEBUG_INFORMATION_FORMAT = dwarf;
				ENABLE_STRICT_OBJC_MSGSEND = YES;
				ENABLE_TESTABILITY = YES;
				GCC_C_LANGUAGE_STANDARD = gnu11;
				GCC_DYNAMIC_NO_PIC = NO;
				GCC_NO_COMMON_BLOCKS = YES;
				GCC_OPTIMIZATION_LEVEL = 0;
				GCC_PREPROCESSOR_DEFINITIONS = (
					"DEBUG=1",
					"$(inherited)",
				);
				GCC_WARN_64_TO_32_BIT_CONVERSION = YES;
				GCC_WARN_ABOUT_RETURN_TYPE = YES_ERROR;
				GCC_WARN_UNDECLARED_SELECTOR = YES;
				GCC_WARN_UNINITIALIZED_AUTOS = YES_AGGRESSIVE;
				GCC_WARN_UNUSED_FUNCTION = YES;
				GCC_WARN_UNUSED_VARIABLE = YES;
				IPHONEOS_DEPLOYMENT_TARGET = 11.3;
				MTL_ENABLE_DEBUG_INFO = YES;
				ONLY_ACTIVE_ARCH = YES;
				SDKROOT = iphoneos;
			};
			name = Debug;
		};
		2E48155820B91FB900AFCBBB /* Release */ = {
			isa = XCBuildConfiguration;
			buildSettings = {
				ALWAYS_SEARCH_USER_PATHS = NO;
				CLANG_ANALYZER_LOCALIZABILITY_NONLOCALIZED = YES;
				CLANG_ANALYZER_NONNULL = YES;
				CLANG_ANALYZER_NUMBER_OBJECT_CONVERSION = YES_AGGRESSIVE;
				CLANG_CXX_LANGUAGE_STANDARD = "gnu++14";
				CLANG_CXX_LIBRARY = "libc++";
				CLANG_ENABLE_MODULES = YES;
				CLANG_ENABLE_OBJC_ARC = YES;
				CLANG_ENABLE_OBJC_WEAK = YES;
				CLANG_WARN_BLOCK_CAPTURE_AUTORELEASING = YES;
				CLANG_WARN_BOOL_CONVERSION = YES;
				CLANG_WARN_COMMA = YES;
				CLANG_WARN_CONSTANT_CONVERSION = YES;
				CLANG_WARN_DEPRECATED_OBJC_IMPLEMENTATIONS = YES;
				CLANG_WARN_DIRECT_OBJC_ISA_USAGE = YES_ERROR;
				CLANG_WARN_DOCUMENTATION_COMMENTS = YES;
				CLANG_WARN_EMPTY_BODY = YES;
				CLANG_WARN_ENUM_CONVERSION = YES;
				CLANG_WARN_INFINITE_RECURSION = YES;
				CLANG_WARN_INT_CONVERSION = YES;
				CLANG_WARN_NON_LITERAL_NULL_CONVERSION = YES;
				CLANG_WARN_OBJC_IMPLICIT_RETAIN_SELF = YES;
				CLANG_WARN_OBJC_LITERAL_CONVERSION = YES;
				CLANG_WARN_OBJC_ROOT_CLASS = YES_ERROR;
				CLANG_WARN_RANGE_LOOP_ANALYSIS = YES;
				CLANG_WARN_STRICT_PROTOTYPES = YES;
				CLANG_WARN_SUSPICIOUS_MOVE = YES;
				CLANG_WARN_UNGUARDED_AVAILABILITY = YES_AGGRESSIVE;
				CLANG_WARN_UNREACHABLE_CODE = YES;
				CLANG_WARN__DUPLICATE_METHOD_MATCH = YES;
				CODE_SIGN_IDENTITY = "iPhone Developer";
				COPY_PHASE_STRIP = NO;
				DEBUG_INFORMATION_FORMAT = "dwarf-with-dsym";
				ENABLE_NS_ASSERTIONS = NO;
				ENABLE_STRICT_OBJC_MSGSEND = YES;
				GCC_C_LANGUAGE_STANDARD = gnu11;
				GCC_NO_COMMON_BLOCKS = YES;
				GCC_WARN_64_TO_32_BIT_CONVERSION = YES;
				GCC_WARN_ABOUT_RETURN_TYPE = YES_ERROR;
				GCC_WARN_UNDECLARED_SELECTOR = YES;
				GCC_WARN_UNINITIALIZED_AUTOS = YES_AGGRESSIVE;
				GCC_WARN_UNUSED_FUNCTION = YES;
				GCC_WARN_UNUSED_VARIABLE = YES;
				IPHONEOS_DEPLOYMENT_TARGET = 11.3;
				MTL_ENABLE_DEBUG_INFO = NO;
				SDKROOT = iphoneos;
				VALIDATE_PRODUCT = YES;
			};
			name = Release;
		};
		2E48155A20B91FB900AFCBBB /* Debug */ = {
			isa = XCBuildConfiguration;
			baseConfigurationReference = 45635F90D09F1EA465BFBC73 /* Pods-jw-wallet.debug.xcconfig */;
			buildSettings = {
				ASSETCATALOG_COMPILER_APPICON_NAME = AppIcon;
				CODE_SIGN_STYLE = Automatic;
				DEVELOPMENT_TEAM = SU3Y433YRH;
				FRAMEWORK_SEARCH_PATHS = (
					"$(inherited)",
					"$(PROJECT_DIR)/jw-wallet/classes/Global/Libraries",
				);
				GCC_PRECOMPILE_PREFIX_HEADER = YES;
				GCC_PREFIX_HEADER = "$(SRCROOT)/jw-wallet/classes/Global/Other/SHSF.pch";
				INFOPLIST_FILE = "$(SRCROOT)/jw-wallet/Supporting Files/Info.plist";
				IPHONEOS_DEPLOYMENT_TARGET = 9.0;
				LD_RUNPATH_SEARCH_PATHS = (
					"$(inherited)",
					"@executable_path/Frameworks",
				);
				PRODUCT_BUNDLE_IDENTIFIER = "SH.jw-wallet";
				PRODUCT_NAME = "$(TARGET_NAME)";
				TARGETED_DEVICE_FAMILY = "1,2";
			};
			name = Debug;
		};
		2E48155B20B91FB900AFCBBB /* Release */ = {
			isa = XCBuildConfiguration;
			baseConfigurationReference = 53679A0EAD92FE0F63959268 /* Pods-jw-wallet.release.xcconfig */;
			buildSettings = {
				ASSETCATALOG_COMPILER_APPICON_NAME = AppIcon;
				CODE_SIGN_STYLE = Automatic;
				DEVELOPMENT_TEAM = SU3Y433YRH;
				FRAMEWORK_SEARCH_PATHS = (
					"$(inherited)",
					"$(PROJECT_DIR)/jw-wallet/classes/Global/Libraries",
				);
				GCC_PRECOMPILE_PREFIX_HEADER = YES;
				GCC_PREFIX_HEADER = "$(SRCROOT)/jw-wallet/classes/Global/Other/SHSF.pch";
				INFOPLIST_FILE = "$(SRCROOT)/jw-wallet/Supporting Files/Info.plist";
				IPHONEOS_DEPLOYMENT_TARGET = 9.0;
				LD_RUNPATH_SEARCH_PATHS = (
					"$(inherited)",
					"@executable_path/Frameworks",
				);
				PRODUCT_BUNDLE_IDENTIFIER = "SH.jw-wallet";
				PRODUCT_NAME = "$(TARGET_NAME)";
				TARGETED_DEVICE_FAMILY = "1,2";
			};
			name = Release;
		};
		2E48155D20B91FB900AFCBBB /* Debug */ = {
			isa = XCBuildConfiguration;
			buildSettings = {
				BUNDLE_LOADER = "$(TEST_HOST)";
				CODE_SIGN_STYLE = Automatic;
				INFOPLIST_FILE = "jw-walletTests/Info.plist";
				LD_RUNPATH_SEARCH_PATHS = (
					"$(inherited)",
					"@executable_path/Frameworks",
					"@loader_path/Frameworks",
				);
				PRODUCT_BUNDLE_IDENTIFIER = "SH.jw-walletTests";
				PRODUCT_NAME = "$(TARGET_NAME)";
				TARGETED_DEVICE_FAMILY = "1,2";
				TEST_HOST = "$(BUILT_PRODUCTS_DIR)/jw-wallet.app/jw-wallet";
			};
			name = Debug;
		};
		2E48155E20B91FB900AFCBBB /* Release */ = {
			isa = XCBuildConfiguration;
			buildSettings = {
				BUNDLE_LOADER = "$(TEST_HOST)";
				CODE_SIGN_STYLE = Automatic;
				INFOPLIST_FILE = "jw-walletTests/Info.plist";
				LD_RUNPATH_SEARCH_PATHS = (
					"$(inherited)",
					"@executable_path/Frameworks",
					"@loader_path/Frameworks",
				);
				PRODUCT_BUNDLE_IDENTIFIER = "SH.jw-walletTests";
				PRODUCT_NAME = "$(TARGET_NAME)";
				TARGETED_DEVICE_FAMILY = "1,2";
				TEST_HOST = "$(BUILT_PRODUCTS_DIR)/jw-wallet.app/jw-wallet";
			};
			name = Release;
		};
		2E48156020B91FB900AFCBBB /* Debug */ = {
			isa = XCBuildConfiguration;
			buildSettings = {
				CODE_SIGN_STYLE = Automatic;
				INFOPLIST_FILE = "jw-walletUITests/Info.plist";
				LD_RUNPATH_SEARCH_PATHS = (
					"$(inherited)",
					"@executable_path/Frameworks",
					"@loader_path/Frameworks",
				);
				PRODUCT_BUNDLE_IDENTIFIER = "SH.jw-walletUITests";
				PRODUCT_NAME = "$(TARGET_NAME)";
				TARGETED_DEVICE_FAMILY = "1,2";
				TEST_TARGET_NAME = "jw-wallet";
			};
			name = Debug;
		};
		2E48156120B91FB900AFCBBB /* Release */ = {
			isa = XCBuildConfiguration;
			buildSettings = {
				CODE_SIGN_STYLE = Automatic;
				INFOPLIST_FILE = "jw-walletUITests/Info.plist";
				LD_RUNPATH_SEARCH_PATHS = (
					"$(inherited)",
					"@executable_path/Frameworks",
					"@loader_path/Frameworks",
				);
				PRODUCT_BUNDLE_IDENTIFIER = "SH.jw-walletUITests";
				PRODUCT_NAME = "$(TARGET_NAME)";
				TARGETED_DEVICE_FAMILY = "1,2";
				TEST_TARGET_NAME = "jw-wallet";
			};
			name = Release;
		};
/* End XCBuildConfiguration section */

/* Begin XCConfigurationList section */
		2E48152820B91FB800AFCBBB /* Build configuration list for PBXProject "jw-wallet" */ = {
			isa = XCConfigurationList;
			buildConfigurations = (
				2E48155720B91FB900AFCBBB /* Debug */,
				2E48155820B91FB900AFCBBB /* Release */,
			);
			defaultConfigurationIsVisible = 0;
			defaultConfigurationName = Release;
		};
		2E48155920B91FB900AFCBBB /* Build configuration list for PBXNativeTarget "jw-wallet" */ = {
			isa = XCConfigurationList;
			buildConfigurations = (
				2E48155A20B91FB900AFCBBB /* Debug */,
				2E48155B20B91FB900AFCBBB /* Release */,
			);
			defaultConfigurationIsVisible = 0;
			defaultConfigurationName = Release;
		};
		2E48155C20B91FB900AFCBBB /* Build configuration list for PBXNativeTarget "jw-walletTests" */ = {
			isa = XCConfigurationList;
			buildConfigurations = (
				2E48155D20B91FB900AFCBBB /* Debug */,
				2E48155E20B91FB900AFCBBB /* Release */,
			);
			defaultConfigurationIsVisible = 0;
			defaultConfigurationName = Release;
		};
		2E48155F20B91FB900AFCBBB /* Build configuration list for PBXNativeTarget "jw-walletUITests" */ = {
			isa = XCConfigurationList;
			buildConfigurations = (
				2E48156020B91FB900AFCBBB /* Debug */,
				2E48156120B91FB900AFCBBB /* Release */,
			);
			defaultConfigurationIsVisible = 0;
			defaultConfigurationName = Release;
		};
/* End XCConfigurationList section */
	};
	rootObject = 2E48152520B91FB800AFCBBB /* Project object */;
}
